// !$*UTF8*$!
{
	archiveVersion = 1;
	classes = {
	};
	objectVersion = 46;
	objects = {

/* Begin PBXBuildFile section */
		041CAAD3249BCCB8000C1A1A /* Images.xcassets in Resources */ = {isa = PBXBuildFile; fileRef = E3B4B2C01ABB2CF7002A6C16 /* Images.xcassets */; };
		041CAAD4249BCCBB000C1A1A /* Images.xcassets in Resources */ = {isa = PBXBuildFile; fileRef = E3B4B2C01ABB2CF7002A6C16 /* Images.xcassets */; };
		041CAAD5249BCCBC000C1A1A /* Images.xcassets in Resources */ = {isa = PBXBuildFile; fileRef = E3B4B2C01ABB2CF7002A6C16 /* Images.xcassets */; };
		041CAAD7249BDA1E000C1A1A /* LayoutTesting.swift in Sources */ = {isa = PBXBuildFile; fileRef = 041CAAD6249BDA1E000C1A1A /* LayoutTesting.swift */; };
		04282A55249A4B64004F2879 /* CardViewModifier.swift in Sources */ = {isa = PBXBuildFile; fileRef = 04282A54249A4B64004F2879 /* CardViewModifier.swift */; };
		04282A57249A7FFD004F2879 /* TextFields.swift in Sources */ = {isa = PBXBuildFile; fileRef = 04282A56249A7FFD004F2879 /* TextFields.swift */; };
		0430E5AA249FEE9A0014E8E5 /* ThemesPage.swift in Sources */ = {isa = PBXBuildFile; fileRef = 0430E5A9249FEE9A0014E8E5 /* ThemesPage.swift */; };
		0430E5AC24A041170014E8E5 /* TipTok.ckcomplication in Resources */ = {isa = PBXBuildFile; fileRef = 0430E5AB24A041170014E8E5 /* TipTok.ckcomplication */; };
		0430E5B024A121300014E8E5 /* WidgetView.swift in Sources */ = {isa = PBXBuildFile; fileRef = 0430E5AF24A121300014E8E5 /* WidgetView.swift */; };
		0430E5B224A143190014E8E5 /* ContentView.swift in Sources */ = {isa = PBXBuildFile; fileRef = 0430E5B124A143190014E8E5 /* ContentView.swift */; };
		0444E6D024953A49004793BF /* WatchStyleValues.swift in Sources */ = {isa = PBXBuildFile; fileRef = 0444E6CF24953A49004793BF /* WatchStyleValues.swift */; };
		046C65012495B24A00B99784 /* defaultPreferences.plist in Resources */ = {isa = PBXBuildFile; fileRef = E3AB12181E2DBF210021C889 /* defaultPreferences.plist */; };
		046C65022495B24D00B99784 /* defaultPreferences.plist in Resources */ = {isa = PBXBuildFile; fileRef = E3AB12181E2DBF210021C889 /* defaultPreferences.plist */; };
		046C65032495B24E00B99784 /* defaultPreferences.plist in Resources */ = {isa = PBXBuildFile; fileRef = E3AB12181E2DBF210021C889 /* defaultPreferences.plist */; };
		046C65042495B24F00B99784 /* defaultPreferences.plist in Resources */ = {isa = PBXBuildFile; fileRef = E3AB12181E2DBF210021C889 /* defaultPreferences.plist */; };
		04719F792497233C00132EC8 /* MainPageSwiftUI.swift in Sources */ = {isa = PBXBuildFile; fileRef = 04719F782497233C00132EC8 /* MainPageSwiftUI.swift */; };
		04719F7B2497234F00132EC8 /* SettingsPageSwiftUI.swift in Sources */ = {isa = PBXBuildFile; fileRef = 04719F7A2497234F00132EC8 /* SettingsPageSwiftUI.swift */; };
		04719F7E2497247100132EC8 /* PersonalizationPage.swift in Sources */ = {isa = PBXBuildFile; fileRef = 04719F7D2497247100132EC8 /* PersonalizationPage.swift */; };
		04719F8024972C4C00132EC8 /* ServiceQualityPicker.swift in Sources */ = {isa = PBXBuildFile; fileRef = 04719F7F24972C4C00132EC8 /* ServiceQualityPicker.swift */; };
		04719F8224972FC800132EC8 /* VenuePicker.swift in Sources */ = {isa = PBXBuildFile; fileRef = 04719F8124972FC800132EC8 /* VenuePicker.swift */; };
		0480B37524910E4600036864 /* WatchDataHandler.swift in Sources */ = {isa = PBXBuildFile; fileRef = 0480B37424910E4600036864 /* WatchDataHandler.swift */; };
		0480B3772491637100036864 /* CardStylings.swift in Sources */ = {isa = PBXBuildFile; fileRef = 0480B3762491637100036864 /* CardStylings.swift */; };
		0487153C2497A72300DF33E5 /* MainPageSubviews.swift in Sources */ = {isa = PBXBuildFile; fileRef = 0487153B2497A72300DF33E5 /* MainPageSubviews.swift */; };
		048715432497AD5600DF33E5 /* KeypadButtons.swift in Sources */ = {isa = PBXBuildFile; fileRef = 048715422497AD5600DF33E5 /* KeypadButtons.swift */; };
		048715452497AE4200DF33E5 /* Keypad.swift in Sources */ = {isa = PBXBuildFile; fileRef = 048715442497AE4200DF33E5 /* Keypad.swift */; };
		048715482497B08700DF33E5 /* KeypadButtons.swift in Sources */ = {isa = PBXBuildFile; fileRef = 048715472497B08700DF33E5 /* KeypadButtons.swift */; };
		0487154A2497C15A00DF33E5 /* SceneDelegate.swift in Sources */ = {isa = PBXBuildFile; fileRef = 048715492497C15A00DF33E5 /* SceneDelegate.swift */; };
		048715502498321A00DF33E5 /* PersonalizationPageSubviews.swift in Sources */ = {isa = PBXBuildFile; fileRef = 0487154F2498321A00DF33E5 /* PersonalizationPageSubviews.swift */; };
		048715522498521700DF33E5 /* NavigationConfigurator.swift in Sources */ = {isa = PBXBuildFile; fileRef = 048715512498521700DF33E5 /* NavigationConfigurator.swift */; };
		049C69692491CAE600273450 /* VenuesView.swift in Sources */ = {isa = PBXBuildFile; fileRef = 049C69682491CAE600273450 /* VenuesView.swift */; };
		04D5E83424958AE000883DE8 /* Images.xcassets in Resources */ = {isa = PBXBuildFile; fileRef = E3B4B2C01ABB2CF7002A6C16 /* Images.xcassets */; };
		04E01270248961F0009FAEEB /* VenueEditor.swift in Sources */ = {isa = PBXBuildFile; fileRef = 04E0126F248961F0009FAEEB /* VenueEditor.swift */; };
		04E012762489628A009FAEEB /* ReceiptModel.swift in Sources */ = {isa = PBXBuildFile; fileRef = 04E012722489628A009FAEEB /* ReceiptModel.swift */; };
		04E012772489628A009FAEEB /* ReceiptModel.swift in Sources */ = {isa = PBXBuildFile; fileRef = 04E012722489628A009FAEEB /* ReceiptModel.swift */; };
		04E012782489628A009FAEEB /* UserPreferences.swift in Sources */ = {isa = PBXBuildFile; fileRef = 04E012732489628A009FAEEB /* UserPreferences.swift */; };
		04E012792489628A009FAEEB /* UserPreferences.swift in Sources */ = {isa = PBXBuildFile; fileRef = 04E012732489628A009FAEEB /* UserPreferences.swift */; };
		04E0127A2489628A009FAEEB /* CalculationsModel.swift in Sources */ = {isa = PBXBuildFile; fileRef = 04E012742489628A009FAEEB /* CalculationsModel.swift */; };
		04E0127B2489628A009FAEEB /* CalculationsModel.swift in Sources */ = {isa = PBXBuildFile; fileRef = 04E012742489628A009FAEEB /* CalculationsModel.swift */; };
		04E0127E248962B5009FAEEB /* VenueEditor.swift in Sources */ = {isa = PBXBuildFile; fileRef = 04E0126F248961F0009FAEEB /* VenueEditor.swift */; };
		04E19BAB2493210500994668 /* DetailedTipRateView.swift in Sources */ = {isa = PBXBuildFile; fileRef = 04E19BAA2493210500994668 /* DetailedTipRateView.swift */; };
		04E19BAD2493CB4000994668 /* SetupAlertView.swift in Sources */ = {isa = PBXBuildFile; fileRef = 04E19BAC2493CB4000994668 /* SetupAlertView.swift */; };
		04EE912D24A1664F0033D0AF /* NavigationController.swift in Sources */ = {isa = PBXBuildFile; fileRef = E3AB12001E2DBE950021C889 /* NavigationController.swift */; };
		04EF6D8A248D3451009CEF03 /* TipTok.app in Embed Watch Content */ = {isa = PBXBuildFile; fileRef = 04EF6D89248D3451009CEF03 /* TipTok.app */; settings = {ATTRIBUTES = (RemoveHeadersOnCopy, ); }; };
		04EF6D99248D3452009CEF03 /* TipTok_watchOS WatchKit Extension.appex in Embed App Extensions */ = {isa = PBXBuildFile; fileRef = 04EF6D98248D3452009CEF03 /* TipTok_watchOS WatchKit Extension.appex */; settings = {ATTRIBUTES = (RemoveHeadersOnCopy, ); }; };
		04EF6D9E248D3452009CEF03 /* ContentView.swift in Sources */ = {isa = PBXBuildFile; fileRef = 04EF6D9D248D3452009CEF03 /* ContentView.swift */; };
		04EF6DA0248D3452009CEF03 /* HostingController.swift in Sources */ = {isa = PBXBuildFile; fileRef = 04EF6D9F248D3452009CEF03 /* HostingController.swift */; };
		04EF6DA2248D3452009CEF03 /* ExtensionDelegate.swift in Sources */ = {isa = PBXBuildFile; fileRef = 04EF6DA1248D3452009CEF03 /* ExtensionDelegate.swift */; };
		04EF6DA6248D3452009CEF03 /* NotificationView.swift in Sources */ = {isa = PBXBuildFile; fileRef = 04EF6DA5248D3452009CEF03 /* NotificationView.swift */; };
		04EF6DA8248D3452009CEF03 /* ComplicationController.swift in Sources */ = {isa = PBXBuildFile; fileRef = 04EF6DA7248D3452009CEF03 /* ComplicationController.swift */; };
		04EF6DAA248D3453009CEF03 /* Assets.xcassets in Resources */ = {isa = PBXBuildFile; fileRef = 04EF6DA9248D3453009CEF03 /* Assets.xcassets */; };
		04EF6DAD248D3453009CEF03 /* Preview Assets.xcassets in Resources */ = {isa = PBXBuildFile; fileRef = 04EF6DAC248D3453009CEF03 /* Preview Assets.xcassets */; };
		04EF6DC8248D367F009CEF03 /* ColoringAndThemes.swift in Sources */ = {isa = PBXBuildFile; fileRef = E3FD0FAD1EC3DB3600763ED2 /* ColoringAndThemes.swift */; };
		04EF6DC9248D3683009CEF03 /* VariableAmountsClass.swift in Sources */ = {isa = PBXBuildFile; fileRef = E3FD0FAE1EC3DB3600763ED2 /* VariableAmountsClass.swift */; };
		04EF6DCA248D36CC009CEF03 /* AppleWatchColors.swift in Sources */ = {isa = PBXBuildFile; fileRef = E3FD0FAC1EC3DB3600763ED2 /* AppleWatchColors.swift */; };
		04EF6DCB248D36D4009CEF03 /* NumberFormattingClass.swift in Sources */ = {isa = PBXBuildFile; fileRef = E3FD0FA91EC3DB1A00763ED2 /* NumberFormattingClass.swift */; };
		04EF6DCC248D36D8009CEF03 /* UserPreferences.swift in Sources */ = {isa = PBXBuildFile; fileRef = 04E012732489628A009FAEEB /* UserPreferences.swift */; };
		04EF6DCD248D36DB009CEF03 /* VenueEditor.swift in Sources */ = {isa = PBXBuildFile; fileRef = 04E0126F248961F0009FAEEB /* VenueEditor.swift */; };
		04EF6DCE248D45BB009CEF03 /* NotificationController.swift in Sources */ = {isa = PBXBuildFile; fileRef = 04EF6DA3248D3452009CEF03 /* NotificationController.swift */; };
		04EF6DCF248D45E6009CEF03 /* CalculationsModel.swift in Sources */ = {isa = PBXBuildFile; fileRef = 04E012742489628A009FAEEB /* CalculationsModel.swift */; };
		04EF6DD0248D460A009CEF03 /* Interface.storyboard in Resources */ = {isa = PBXBuildFile; fileRef = 04EF6D8E248D3451009CEF03 /* Interface.storyboard */; };
		04EF6DD2248E72DF009CEF03 /* WatchKeypad.swift in Sources */ = {isa = PBXBuildFile; fileRef = 04EF6DD1248E72DF009CEF03 /* WatchKeypad.swift */; };
		04EF6DD4248E73E6009CEF03 /* ValuesView.swift in Sources */ = {isa = PBXBuildFile; fileRef = 04EF6DD3248E73E6009CEF03 /* ValuesView.swift */; };
		04EF6DDA248E9A4D009CEF03 /* SettingsPage.swift in Sources */ = {isa = PBXBuildFile; fileRef = 04EF6DD9248E9A4D009CEF03 /* SettingsPage.swift */; };
		78B3D1EF1F6A05FF009C8051 /* Main.storyboard in Resources */ = {isa = PBXBuildFile; fileRef = 78B3D1F11F6A05FF009C8051 /* Main.storyboard */; };
		840BA3EF03ADAA0438876195 /* Pods_TipTok.framework in Frameworks */ = {isa = PBXBuildFile; fileRef = D44B1E14A2489C90421D914A /* Pods_TipTok.framework */; };
		A772DC3530ACBA79C83E613A /* libPods-TipTokTests.a in Frameworks */ = {isa = PBXBuildFile; fileRef = 444E1671A7D392F99FAE1EAD /* libPods-TipTokTests.a */; };
		E3A61E101AE3F69C00F2467C /* Localizable.strings in Resources */ = {isa = PBXBuildFile; fileRef = E3A61E121AE3F69C00F2467C /* Localizable.strings */; };
		E3AB12221E2DC1DF0021C889 /* NotificationCenter.framework in Frameworks */ = {isa = PBXBuildFile; fileRef = E3AB12211E2DC1DF0021C889 /* NotificationCenter.framework */; };
		E3AB12251E2DC1DF0021C889 /* TodayViewController.swift in Sources */ = {isa = PBXBuildFile; fileRef = E3AB12241E2DC1DF0021C889 /* TodayViewController.swift */; };
		E3AB122C1E2DC1DF0021C889 /* Tip Tok.appex in Embed App Extensions */ = {isa = PBXBuildFile; fileRef = E3AB12201E2DC1DF0021C889 /* Tip Tok.appex */; settings = {ATTRIBUTES = (RemoveHeadersOnCopy, ); }; };
		E3AB12321E2DC2080021C889 /* MainInterface.storyboard in Resources */ = {isa = PBXBuildFile; fileRef = E3AB12311E2DC2080021C889 /* MainInterface.storyboard */; };
		E3AB12371E2DC25F0021C889 /* SpringAnimation.swift in Sources */ = {isa = PBXBuildFile; fileRef = E3B4B2DA1ABB2D62002A6C16 /* SpringAnimation.swift */; };
		E3B4B2BA1ABB2CF7002A6C16 /* AppDelegate.swift in Sources */ = {isa = PBXBuildFile; fileRef = E3B4B2B91ABB2CF7002A6C16 /* AppDelegate.swift */; };
		E3B4B2C11ABB2CF7002A6C16 /* Images.xcassets in Resources */ = {isa = PBXBuildFile; fileRef = E3B4B2C01ABB2CF7002A6C16 /* Images.xcassets */; };
		E3B4B2D01ABB2CF7002A6C16 /* MercesTests.swift in Sources */ = {isa = PBXBuildFile; fileRef = E3B4B2CF1ABB2CF7002A6C16 /* MercesTests.swift */; };
		E3B4B2DB1ABB2D62002A6C16 /* BlurView.swift in Sources */ = {isa = PBXBuildFile; fileRef = E3B4B2D91ABB2D62002A6C16 /* BlurView.swift */; };
		E3B4B2DC1ABB2D62002A6C16 /* SpringAnimation.swift in Sources */ = {isa = PBXBuildFile; fileRef = E3B4B2DA1ABB2D62002A6C16 /* SpringAnimation.swift */; };
		E3B4B2EC1ABB2E1E002A6C16 /* LaunchScreen.xib in Resources */ = {isa = PBXBuildFile; fileRef = E3B4B2EA1ABB2E1E002A6C16 /* LaunchScreen.xib */; };
		E3FD0FAA1EC3DB1A00763ED2 /* NumberFormattingClass.swift in Sources */ = {isa = PBXBuildFile; fileRef = E3FD0FA91EC3DB1A00763ED2 /* NumberFormattingClass.swift */; };
		E3FD0FAB1EC3DB1A00763ED2 /* NumberFormattingClass.swift in Sources */ = {isa = PBXBuildFile; fileRef = E3FD0FA91EC3DB1A00763ED2 /* NumberFormattingClass.swift */; };
		E3FD0FAF1EC3DB3600763ED2 /* AppleWatchColors.swift in Sources */ = {isa = PBXBuildFile; fileRef = E3FD0FAC1EC3DB3600763ED2 /* AppleWatchColors.swift */; };
		E3FD0FB01EC3DB3600763ED2 /* AppleWatchColors.swift in Sources */ = {isa = PBXBuildFile; fileRef = E3FD0FAC1EC3DB3600763ED2 /* AppleWatchColors.swift */; };
		E3FD0FB11EC3DB3600763ED2 /* ColoringAndThemes.swift in Sources */ = {isa = PBXBuildFile; fileRef = E3FD0FAD1EC3DB3600763ED2 /* ColoringAndThemes.swift */; };
		E3FD0FB21EC3DB3600763ED2 /* ColoringAndThemes.swift in Sources */ = {isa = PBXBuildFile; fileRef = E3FD0FAD1EC3DB3600763ED2 /* ColoringAndThemes.swift */; };
		E3FD0FB31EC3DB3600763ED2 /* VariableAmountsClass.swift in Sources */ = {isa = PBXBuildFile; fileRef = E3FD0FAE1EC3DB3600763ED2 /* VariableAmountsClass.swift */; };
		E3FD0FB41EC3DB3600763ED2 /* VariableAmountsClass.swift in Sources */ = {isa = PBXBuildFile; fileRef = E3FD0FAE1EC3DB3600763ED2 /* VariableAmountsClass.swift */; };
/* End PBXBuildFile section */

/* Begin PBXContainerItemProxy section */
		04EF6D8B248D3451009CEF03 /* PBXContainerItemProxy */ = {
			isa = PBXContainerItemProxy;
			containerPortal = E3B4B2AC1ABB2CF7002A6C16 /* Project object */;
			proxyType = 1;
			remoteGlobalIDString = 04EF6D88248D3451009CEF03;
			remoteInfo = "Merces_watchOS WatchKit App";
		};
		04EF6D9A248D3452009CEF03 /* PBXContainerItemProxy */ = {
			isa = PBXContainerItemProxy;
			containerPortal = E3B4B2AC1ABB2CF7002A6C16 /* Project object */;
			proxyType = 1;
			remoteGlobalIDString = 04EF6D97248D3452009CEF03;
			remoteInfo = "Merces_watchOS WatchKit Extension";
		};
		E3AB122A1E2DC1DF0021C889 /* PBXContainerItemProxy */ = {
			isa = PBXContainerItemProxy;
			containerPortal = E3B4B2AC1ABB2CF7002A6C16 /* Project object */;
			proxyType = 1;
			remoteGlobalIDString = E3AB121F1E2DC1DF0021C889;
			remoteInfo = MercesWidget;
		};
		E3B4B2CA1ABB2CF7002A6C16 /* PBXContainerItemProxy */ = {
			isa = PBXContainerItemProxy;
			containerPortal = E3B4B2AC1ABB2CF7002A6C16 /* Project object */;
			proxyType = 1;
			remoteGlobalIDString = E3B4B2B31ABB2CF7002A6C16;
			remoteInfo = Merces;
		};
/* End PBXContainerItemProxy section */

/* Begin PBXCopyFilesBuildPhase section */
		04EF6DB3248D3453009CEF03 /* Embed App Extensions */ = {
			isa = PBXCopyFilesBuildPhase;
			buildActionMask = 2147483647;
			dstPath = "";
			dstSubfolderSpec = 13;
			files = (
				04EF6D99248D3452009CEF03 /* TipTok_watchOS WatchKit Extension.appex in Embed App Extensions */,
			);
			name = "Embed App Extensions";
			runOnlyForDeploymentPostprocessing = 0;
		};
		04EF6DB7248D3453009CEF03 /* Embed Watch Content */ = {
			isa = PBXCopyFilesBuildPhase;
			buildActionMask = 2147483647;
			dstPath = "$(CONTENTS_FOLDER_PATH)/Watch";
			dstSubfolderSpec = 16;
			files = (
				04EF6D8A248D3451009CEF03 /* TipTok.app in Embed Watch Content */,
			);
			name = "Embed Watch Content";
			runOnlyForDeploymentPostprocessing = 0;
		};
		E3AB12301E2DC1DF0021C889 /* Embed App Extensions */ = {
			isa = PBXCopyFilesBuildPhase;
			buildActionMask = 2147483647;
			dstPath = "";
			dstSubfolderSpec = 13;
			files = (
				E3AB122C1E2DC1DF0021C889 /* Tip Tok.appex in Embed App Extensions */,
			);
			name = "Embed App Extensions";
			runOnlyForDeploymentPostprocessing = 0;
		};
		E3D033D61BA64F6C00665049 /* Embed Watch Content */ = {
			isa = PBXCopyFilesBuildPhase;
			buildActionMask = 2147483647;
			dstPath = "$(CONTENTS_FOLDER_PATH)/Watch";
			dstSubfolderSpec = 16;
			files = (
			);
			name = "Embed Watch Content";
			runOnlyForDeploymentPostprocessing = 0;
		};
/* End PBXCopyFilesBuildPhase section */

/* Begin PBXFileReference section */
		041CAAD6249BDA1E000C1A1A /* LayoutTesting.swift */ = {isa = PBXFileReference; lastKnownFileType = sourcecode.swift; path = LayoutTesting.swift; sourceTree = "<group>"; };
		04282A54249A4B64004F2879 /* CardViewModifier.swift */ = {isa = PBXFileReference; lastKnownFileType = sourcecode.swift; path = CardViewModifier.swift; sourceTree = "<group>"; };
		04282A56249A7FFD004F2879 /* TextFields.swift */ = {isa = PBXFileReference; lastKnownFileType = sourcecode.swift; path = TextFields.swift; sourceTree = "<group>"; };
		0430E5A9249FEE9A0014E8E5 /* ThemesPage.swift */ = {isa = PBXFileReference; lastKnownFileType = sourcecode.swift; path = ThemesPage.swift; sourceTree = "<group>"; };
		0430E5AB24A041170014E8E5 /* TipTok.ckcomplication */ = {isa = PBXFileReference; lastKnownFileType = folder; path = TipTok.ckcomplication; sourceTree = "<group>"; };
		0430E5AF24A121300014E8E5 /* WidgetView.swift */ = {isa = PBXFileReference; lastKnownFileType = sourcecode.swift; path = WidgetView.swift; sourceTree = "<group>"; };
		0430E5B124A143190014E8E5 /* ContentView.swift */ = {isa = PBXFileReference; lastKnownFileType = sourcecode.swift; path = ContentView.swift; sourceTree = "<group>"; };
		0444E6CF24953A49004793BF /* WatchStyleValues.swift */ = {isa = PBXFileReference; lastKnownFileType = sourcecode.swift; path = WatchStyleValues.swift; sourceTree = "<group>"; };
		04719F782497233C00132EC8 /* MainPageSwiftUI.swift */ = {isa = PBXFileReference; lastKnownFileType = sourcecode.swift; path = MainPageSwiftUI.swift; sourceTree = "<group>"; };
		04719F7A2497234F00132EC8 /* SettingsPageSwiftUI.swift */ = {isa = PBXFileReference; lastKnownFileType = sourcecode.swift; path = SettingsPageSwiftUI.swift; sourceTree = "<group>"; };
		04719F7D2497247100132EC8 /* PersonalizationPage.swift */ = {isa = PBXFileReference; lastKnownFileType = sourcecode.swift; path = PersonalizationPage.swift; sourceTree = "<group>"; };
		04719F7F24972C4C00132EC8 /* ServiceQualityPicker.swift */ = {isa = PBXFileReference; lastKnownFileType = sourcecode.swift; path = ServiceQualityPicker.swift; sourceTree = "<group>"; };
		04719F8124972FC800132EC8 /* VenuePicker.swift */ = {isa = PBXFileReference; lastKnownFileType = sourcecode.swift; path = VenuePicker.swift; sourceTree = "<group>"; };
		0480B37424910E4600036864 /* WatchDataHandler.swift */ = {isa = PBXFileReference; lastKnownFileType = sourcecode.swift; path = WatchDataHandler.swift; sourceTree = "<group>"; };
		0480B3762491637100036864 /* CardStylings.swift */ = {isa = PBXFileReference; lastKnownFileType = sourcecode.swift; path = CardStylings.swift; sourceTree = "<group>"; };
		0480B37824917F5F00036864 /* TipTok.entitlements */ = {isa = PBXFileReference; lastKnownFileType = text.plist.entitlements; path = TipTok.entitlements; sourceTree = "<group>"; };
		0480B37924917F7F00036864 /* TipTok.entitlements */ = {isa = PBXFileReference; lastKnownFileType = text.plist.entitlements; path = TipTok.entitlements; sourceTree = "<group>"; };
		0487153B2497A72300DF33E5 /* MainPageSubviews.swift */ = {isa = PBXFileReference; lastKnownFileType = sourcecode.swift; path = MainPageSubviews.swift; sourceTree = "<group>"; };
		048715422497AD5600DF33E5 /* KeypadButtons.swift */ = {isa = PBXFileReference; lastKnownFileType = sourcecode.swift; path = KeypadButtons.swift; sourceTree = "<group>"; };
		048715442497AE4200DF33E5 /* Keypad.swift */ = {isa = PBXFileReference; lastKnownFileType = sourcecode.swift; path = Keypad.swift; sourceTree = "<group>"; };
		048715472497B08700DF33E5 /* KeypadButtons.swift */ = {isa = PBXFileReference; lastKnownFileType = sourcecode.swift; path = KeypadButtons.swift; sourceTree = "<group>"; };
		048715492497C15A00DF33E5 /* SceneDelegate.swift */ = {isa = PBXFileReference; lastKnownFileType = sourcecode.swift; path = SceneDelegate.swift; sourceTree = "<group>"; };
		0487154F2498321A00DF33E5 /* PersonalizationPageSubviews.swift */ = {isa = PBXFileReference; lastKnownFileType = sourcecode.swift; path = PersonalizationPageSubviews.swift; sourceTree = "<group>"; };
		048715512498521700DF33E5 /* NavigationConfigurator.swift */ = {isa = PBXFileReference; lastKnownFileType = sourcecode.swift; path = NavigationConfigurator.swift; sourceTree = "<group>"; };
		049C69682491CAE600273450 /* VenuesView.swift */ = {isa = PBXFileReference; lastKnownFileType = sourcecode.swift; path = VenuesView.swift; sourceTree = "<group>"; };
		04E0126F248961F0009FAEEB /* VenueEditor.swift */ = {isa = PBXFileReference; fileEncoding = 4; lastKnownFileType = sourcecode.swift; path = VenueEditor.swift; sourceTree = "<group>"; };
		04E012722489628A009FAEEB /* ReceiptModel.swift */ = {isa = PBXFileReference; fileEncoding = 4; lastKnownFileType = sourcecode.swift; name = ReceiptModel.swift; path = Models/ReceiptModel.swift; sourceTree = "<group>"; };
		04E012732489628A009FAEEB /* UserPreferences.swift */ = {isa = PBXFileReference; fileEncoding = 4; lastKnownFileType = sourcecode.swift; path = UserPreferences.swift; sourceTree = "<group>"; };
		04E012742489628A009FAEEB /* CalculationsModel.swift */ = {isa = PBXFileReference; fileEncoding = 4; lastKnownFileType = sourcecode.swift; name = CalculationsModel.swift; path = Models/CalculationsModel.swift; sourceTree = "<group>"; };
		04E19BAA2493210500994668 /* DetailedTipRateView.swift */ = {isa = PBXFileReference; lastKnownFileType = sourcecode.swift; path = DetailedTipRateView.swift; sourceTree = "<group>"; };
		04E19BAC2493CB4000994668 /* SetupAlertView.swift */ = {isa = PBXFileReference; lastKnownFileType = sourcecode.swift; path = SetupAlertView.swift; sourceTree = "<group>"; };
		04EF6D86248D3451009CEF03 /* TipTok_watchOS.app */ = {isa = PBXFileReference; explicitFileType = wrapper.application; includeInIndex = 0; path = TipTok_watchOS.app; sourceTree = BUILT_PRODUCTS_DIR; };
		04EF6D89248D3451009CEF03 /* TipTok.app */ = {isa = PBXFileReference; explicitFileType = wrapper.application; includeInIndex = 0; path = TipTok.app; sourceTree = BUILT_PRODUCTS_DIR; };
		04EF6D8F248D3451009CEF03 /* Base */ = {isa = PBXFileReference; lastKnownFileType = file.storyboard; name = Base; path = Base.lproj/Interface.storyboard; sourceTree = "<group>"; };
		04EF6D91248D3452009CEF03 /* Assets.xcassets */ = {isa = PBXFileReference; lastKnownFileType = folder.assetcatalog; path = Assets.xcassets; sourceTree = "<group>"; };
		04EF6D93248D3452009CEF03 /* Info.plist */ = {isa = PBXFileReference; lastKnownFileType = text.plist.xml; path = Info.plist; sourceTree = "<group>"; };
		04EF6D98248D3452009CEF03 /* TipTok_watchOS WatchKit Extension.appex */ = {isa = PBXFileReference; explicitFileType = "wrapper.app-extension"; includeInIndex = 0; path = "TipTok_watchOS WatchKit Extension.appex"; sourceTree = BUILT_PRODUCTS_DIR; };
		04EF6D9D248D3452009CEF03 /* ContentView.swift */ = {isa = PBXFileReference; lastKnownFileType = sourcecode.swift; path = ContentView.swift; sourceTree = "<group>"; };
		04EF6D9F248D3452009CEF03 /* HostingController.swift */ = {isa = PBXFileReference; lastKnownFileType = sourcecode.swift; path = HostingController.swift; sourceTree = "<group>"; };
		04EF6DA1248D3452009CEF03 /* ExtensionDelegate.swift */ = {isa = PBXFileReference; lastKnownFileType = sourcecode.swift; path = ExtensionDelegate.swift; sourceTree = "<group>"; };
		04EF6DA3248D3452009CEF03 /* NotificationController.swift */ = {isa = PBXFileReference; lastKnownFileType = sourcecode.swift; path = NotificationController.swift; sourceTree = "<group>"; };
		04EF6DA5248D3452009CEF03 /* NotificationView.swift */ = {isa = PBXFileReference; lastKnownFileType = sourcecode.swift; path = NotificationView.swift; sourceTree = "<group>"; };
		04EF6DA7248D3452009CEF03 /* ComplicationController.swift */ = {isa = PBXFileReference; lastKnownFileType = sourcecode.swift; path = ComplicationController.swift; sourceTree = "<group>"; };
		04EF6DA9248D3453009CEF03 /* Assets.xcassets */ = {isa = PBXFileReference; lastKnownFileType = folder.assetcatalog; path = Assets.xcassets; sourceTree = "<group>"; };
		04EF6DAC248D3453009CEF03 /* Preview Assets.xcassets */ = {isa = PBXFileReference; lastKnownFileType = folder.assetcatalog; path = "Preview Assets.xcassets"; sourceTree = "<group>"; };
		04EF6DAE248D3453009CEF03 /* Info.plist */ = {isa = PBXFileReference; lastKnownFileType = text.plist.xml; path = Info.plist; sourceTree = "<group>"; };
		04EF6DAF248D3453009CEF03 /* PushNotificationPayload.apns */ = {isa = PBXFileReference; lastKnownFileType = text; path = PushNotificationPayload.apns; sourceTree = "<group>"; };
		04EF6DD1248E72DF009CEF03 /* WatchKeypad.swift */ = {isa = PBXFileReference; lastKnownFileType = sourcecode.swift; path = WatchKeypad.swift; sourceTree = "<group>"; };
		04EF6DD3248E73E6009CEF03 /* ValuesView.swift */ = {isa = PBXFileReference; lastKnownFileType = sourcecode.swift; path = ValuesView.swift; sourceTree = "<group>"; };
		04EF6DD9248E9A4D009CEF03 /* SettingsPage.swift */ = {isa = PBXFileReference; lastKnownFileType = sourcecode.swift; path = SettingsPage.swift; sourceTree = "<group>"; };
		0C2A782DD83BB0614F1593B5 /* Pods-Merces WatchKit Extension.debug.xcconfig */ = {isa = PBXFileReference; includeInIndex = 1; lastKnownFileType = text.xcconfig; name = "Pods-Merces WatchKit Extension.debug.xcconfig"; path = "Pods/Target Support Files/Pods-Merces WatchKit Extension/Pods-Merces WatchKit Extension.debug.xcconfig"; sourceTree = "<group>"; };
		114411A3AA1179BD7CD421B4 /* Pods-Merces WatchKit App.release.xcconfig */ = {isa = PBXFileReference; includeInIndex = 1; lastKnownFileType = text.xcconfig; name = "Pods-Merces WatchKit App.release.xcconfig"; path = "Pods/Target Support Files/Pods-Merces WatchKit App/Pods-Merces WatchKit App.release.xcconfig"; sourceTree = "<group>"; };
		22E19BF2E33EE889A46B7EB5 /* libPods-Merces WatchKit Extension.a */ = {isa = PBXFileReference; explicitFileType = archive.ar; includeInIndex = 0; path = "libPods-Merces WatchKit Extension.a"; sourceTree = BUILT_PRODUCTS_DIR; };
		444E1671A7D392F99FAE1EAD /* libPods-TipTokTests.a */ = {isa = PBXFileReference; explicitFileType = archive.ar; includeInIndex = 0; path = "libPods-TipTokTests.a"; sourceTree = BUILT_PRODUCTS_DIR; };
		4E8CF7860A33A7BD82849B21 /* Pods-TipTok.debug.xcconfig */ = {isa = PBXFileReference; includeInIndex = 1; lastKnownFileType = text.xcconfig; name = "Pods-TipTok.debug.xcconfig"; path = "Pods/Target Support Files/Pods-TipTok/Pods-TipTok.debug.xcconfig"; sourceTree = "<group>"; };
		63688267B953C1EDB1DE8E96 /* Pods-Merces WatchKit App.debug.xcconfig */ = {isa = PBXFileReference; includeInIndex = 1; lastKnownFileType = text.xcconfig; name = "Pods-Merces WatchKit App.debug.xcconfig"; path = "Pods/Target Support Files/Pods-Merces WatchKit App/Pods-Merces WatchKit App.debug.xcconfig"; sourceTree = "<group>"; };
		78B3D1EE1F6A0199009C8051 /* Base */ = {isa = PBXFileReference; lastKnownFileType = text.plist.strings; name = Base; path = Base.lproj/Localizable.strings; sourceTree = "<group>"; };
		78B3D1F21F6A0611009C8051 /* Base */ = {isa = PBXFileReference; lastKnownFileType = file.storyboard; name = Base; path = Base.lproj/Main.storyboard; sourceTree = "<group>"; };
		78B3D1F41F6A061F009C8051 /* en */ = {isa = PBXFileReference; lastKnownFileType = text.plist.strings; name = en; path = en.lproj/Main.strings; sourceTree = "<group>"; };
		78B3D1F51F6A0660009C8051 /* zh-Hant */ = {isa = PBXFileReference; lastKnownFileType = text.plist.strings; name = "zh-Hant"; path = "zh-Hant.lproj/Main.strings"; sourceTree = "<group>"; };
		83362493474904AC17F435DF /* Pods-TipTokTests.debug.xcconfig */ = {isa = PBXFileReference; includeInIndex = 1; lastKnownFileType = text.xcconfig; name = "Pods-TipTokTests.debug.xcconfig"; path = "Pods/Target Support Files/Pods-TipTokTests/Pods-TipTokTests.debug.xcconfig"; sourceTree = "<group>"; };
		8AA8BB7DE8AB79787BD6DA7C /* Pods-TipTok.release.xcconfig */ = {isa = PBXFileReference; includeInIndex = 1; lastKnownFileType = text.xcconfig; name = "Pods-TipTok.release.xcconfig"; path = "Pods/Target Support Files/Pods-TipTok/Pods-TipTok.release.xcconfig"; sourceTree = "<group>"; };
		9506843059A034A4E21823EA /* Pods-Merces.debug.xcconfig */ = {isa = PBXFileReference; includeInIndex = 1; lastKnownFileType = text.xcconfig; name = "Pods-Merces.debug.xcconfig"; path = "Pods/Target Support Files/Pods-Merces/Pods-Merces.debug.xcconfig"; sourceTree = "<group>"; };
		9BA680A95FEF9F77503471DA /* Pods-TipTokTests.release.xcconfig */ = {isa = PBXFileReference; includeInIndex = 1; lastKnownFileType = text.xcconfig; name = "Pods-TipTokTests.release.xcconfig"; path = "Pods/Target Support Files/Pods-TipTokTests/Pods-TipTokTests.release.xcconfig"; sourceTree = "<group>"; };
		9F25C645504846EFFD41DEA8 /* Pods-MercesTests.release.xcconfig */ = {isa = PBXFileReference; includeInIndex = 1; lastKnownFileType = text.xcconfig; name = "Pods-MercesTests.release.xcconfig"; path = "Pods/Target Support Files/Pods-MercesTests/Pods-MercesTests.release.xcconfig"; sourceTree = "<group>"; };
		A3D38EFEC0B24B02425C5533 /* Pods-Merces WatchKit Extension.release.xcconfig */ = {isa = PBXFileReference; includeInIndex = 1; lastKnownFileType = text.xcconfig; name = "Pods-Merces WatchKit Extension.release.xcconfig"; path = "Pods/Target Support Files/Pods-Merces WatchKit Extension/Pods-Merces WatchKit Extension.release.xcconfig"; sourceTree = "<group>"; };
		A7258C430F2BA335F878021F /* Pods-Merces.release.xcconfig */ = {isa = PBXFileReference; includeInIndex = 1; lastKnownFileType = text.xcconfig; name = "Pods-Merces.release.xcconfig"; path = "Pods/Target Support Files/Pods-Merces/Pods-Merces.release.xcconfig"; sourceTree = "<group>"; };
		AC73B4422AD0D72C597BA6E5 /* Pods-MercesTests.debug.xcconfig */ = {isa = PBXFileReference; includeInIndex = 1; lastKnownFileType = text.xcconfig; name = "Pods-MercesTests.debug.xcconfig"; path = "Pods/Target Support Files/Pods-MercesTests/Pods-MercesTests.debug.xcconfig"; sourceTree = "<group>"; };
		D44B1E14A2489C90421D914A /* Pods_TipTok.framework */ = {isa = PBXFileReference; explicitFileType = wrapper.framework; includeInIndex = 0; path = Pods_TipTok.framework; sourceTree = BUILT_PRODUCTS_DIR; };
		D7BDDFCD6B56C6B727260FE1 /* libPods-Merces WatchKit App.a */ = {isa = PBXFileReference; explicitFileType = archive.ar; includeInIndex = 0; path = "libPods-Merces WatchKit App.a"; sourceTree = BUILT_PRODUCTS_DIR; };
		E33460AA1E32EF2300D467C6 /* ThemesCollectionViewCell.swift */ = {isa = PBXFileReference; fileEncoding = 4; lastKnownFileType = sourcecode.swift; path = ThemesCollectionViewCell.swift; sourceTree = "<group>"; };
		E33460B01E32F23D00D467C6 /* ThemesViewController.swift */ = {isa = PBXFileReference; fileEncoding = 4; lastKnownFileType = sourcecode.swift; path = ThemesViewController.swift; sourceTree = "<group>"; };
		E335CC901AE59DD700D26A65 /* de */ = {isa = PBXFileReference; lastKnownFileType = text.plist.strings; name = de; path = de.lproj/Localizable.strings; sourceTree = "<group>"; };
		E38D64021ACB3D1E0060EE81 /* Merces WatchKit Extension-Bridging-Header.h */ = {isa = PBXFileReference; lastKnownFileType = sourcecode.c.h; path = "Merces WatchKit Extension-Bridging-Header.h"; sourceTree = "<group>"; };
		E3A61E111AE3F69C00F2467C /* zh-Hant */ = {isa = PBXFileReference; lastKnownFileType = text.plist.strings; name = "zh-Hant"; path = "zh-Hant.lproj/Localizable.strings"; sourceTree = "<group>"; };
		E3A61E131AE3F6A700F2467C /* en */ = {isa = PBXFileReference; lastKnownFileType = text.plist.strings; name = en; path = en.lproj/Localizable.strings; sourceTree = "<group>"; };
		E3A61E141AE3F6AC00F2467C /* ko */ = {isa = PBXFileReference; lastKnownFileType = text.plist.strings; name = ko; path = ko.lproj/Localizable.strings; sourceTree = "<group>"; };
		E3A61E171AE450A100F2467C /* fr */ = {isa = PBXFileReference; lastKnownFileType = text.plist.strings; name = fr; path = fr.lproj/Localizable.strings; sourceTree = "<group>"; };
		E3AB12001E2DBE950021C889 /* NavigationController.swift */ = {isa = PBXFileReference; fileEncoding = 4; lastKnownFileType = sourcecode.swift; name = NavigationController.swift; path = TipTok/NavigationController.swift; sourceTree = "<group>"; };
		E3AB12011E2DBE950021C889 /* MainPage.swift */ = {isa = PBXFileReference; fileEncoding = 4; lastKnownFileType = sourcecode.swift; name = MainPage.swift; path = TipTok/MainPage.swift; sourceTree = "<group>"; };
		E3AB12021E2DBE950021C889 /* SettingsPage.swift */ = {isa = PBXFileReference; fileEncoding = 4; lastKnownFileType = sourcecode.swift; name = SettingsPage.swift; path = TipTok/SettingsPage.swift; sourceTree = "<group>"; };
		E3AB12031E2DBE950021C889 /* OptimalUsagePage.swift */ = {isa = PBXFileReference; fileEncoding = 4; lastKnownFileType = sourcecode.swift; name = OptimalUsagePage.swift; path = TipTok/OptimalUsagePage.swift; sourceTree = "<group>"; };
		E3AB12041E2DBE950021C889 /* MyMerces.swift */ = {isa = PBXFileReference; fileEncoding = 4; lastKnownFileType = sourcecode.swift; name = MyMerces.swift; path = TipTok/MyMerces.swift; sourceTree = "<group>"; };
		E3AB12061E2DBE950021C889 /* InAppPurchasePage.swift */ = {isa = PBXFileReference; fileEncoding = 4; lastKnownFileType = sourcecode.swift; name = InAppPurchasePage.swift; path = TipTok/InAppPurchasePage.swift; sourceTree = "<group>"; };
		E3AB12181E2DBF210021C889 /* defaultPreferences.plist */ = {isa = PBXFileReference; fileEncoding = 4; lastKnownFileType = text.plist.xml; path = defaultPreferences.plist; sourceTree = "<group>"; };
		E3AB12201E2DC1DF0021C889 /* Tip Tok.appex */ = {isa = PBXFileReference; explicitFileType = "wrapper.app-extension"; includeInIndex = 0; path = "Tip Tok.appex"; sourceTree = BUILT_PRODUCTS_DIR; };
		E3AB12211E2DC1DF0021C889 /* NotificationCenter.framework */ = {isa = PBXFileReference; lastKnownFileType = wrapper.framework; name = NotificationCenter.framework; path = System/Library/Frameworks/NotificationCenter.framework; sourceTree = SDKROOT; };
		E3AB12241E2DC1DF0021C889 /* TodayViewController.swift */ = {isa = PBXFileReference; lastKnownFileType = sourcecode.swift; path = TodayViewController.swift; sourceTree = "<group>"; };
		E3AB12291E2DC1DF0021C889 /* Info.plist */ = {isa = PBXFileReference; lastKnownFileType = text.plist.xml; path = Info.plist; sourceTree = "<group>"; };
		E3AB12311E2DC2080021C889 /* MainInterface.storyboard */ = {isa = PBXFileReference; fileEncoding = 4; lastKnownFileType = file.storyboard; path = MainInterface.storyboard; sourceTree = "<group>"; };
		E3AB12381E2DC2C40021C889 /* TipTokWidget.entitlements */ = {isa = PBXFileReference; lastKnownFileType = text.plist.entitlements; path = TipTokWidget.entitlements; sourceTree = "<group>"; };
		E3B4B2B41ABB2CF7002A6C16 /* TipTok.app */ = {isa = PBXFileReference; explicitFileType = wrapper.application; includeInIndex = 0; path = TipTok.app; sourceTree = BUILT_PRODUCTS_DIR; };
		E3B4B2B81ABB2CF7002A6C16 /* Info.plist */ = {isa = PBXFileReference; lastKnownFileType = text.plist.xml; path = Info.plist; sourceTree = "<group>"; };
		E3B4B2B91ABB2CF7002A6C16 /* AppDelegate.swift */ = {isa = PBXFileReference; lastKnownFileType = sourcecode.swift; path = AppDelegate.swift; sourceTree = "<group>"; };
		E3B4B2C01ABB2CF7002A6C16 /* Images.xcassets */ = {isa = PBXFileReference; lastKnownFileType = folder.assetcatalog; path = Images.xcassets; sourceTree = "<group>"; };
		E3B4B2C91ABB2CF7002A6C16 /* TipTokTests.xctest */ = {isa = PBXFileReference; explicitFileType = wrapper.cfbundle; includeInIndex = 0; path = TipTokTests.xctest; sourceTree = BUILT_PRODUCTS_DIR; };
		E3B4B2CE1ABB2CF7002A6C16 /* Info.plist */ = {isa = PBXFileReference; lastKnownFileType = text.plist.xml; path = Info.plist; sourceTree = "<group>"; };
		E3B4B2CF1ABB2CF7002A6C16 /* MercesTests.swift */ = {isa = PBXFileReference; lastKnownFileType = sourcecode.swift; path = MercesTests.swift; sourceTree = "<group>"; };
		E3B4B2D91ABB2D62002A6C16 /* BlurView.swift */ = {isa = PBXFileReference; fileEncoding = 4; lastKnownFileType = sourcecode.swift; path = BlurView.swift; sourceTree = "<group>"; };
		E3B4B2DA1ABB2D62002A6C16 /* SpringAnimation.swift */ = {isa = PBXFileReference; fileEncoding = 4; lastKnownFileType = sourcecode.swift; path = SpringAnimation.swift; sourceTree = "<group>"; };
		E3B4B2EA1ABB2E1E002A6C16 /* LaunchScreen.xib */ = {isa = PBXFileReference; fileEncoding = 4; lastKnownFileType = file.xib; path = LaunchScreen.xib; sourceTree = "<group>"; };
		E3B4B2FD1ABB329C002A6C16 /* Merces-Bridging-Header.h */ = {isa = PBXFileReference; lastKnownFileType = sourcecode.c.h; path = "Merces-Bridging-Header.h"; sourceTree = "<group>"; };
		E3B4B3001ABBEC59002A6C16 /* TipTok.entitlements */ = {isa = PBXFileReference; lastKnownFileType = text.plist.entitlements; path = TipTok.entitlements; sourceTree = "<group>"; };
		E3FD0FA91EC3DB1A00763ED2 /* NumberFormattingClass.swift */ = {isa = PBXFileReference; fileEncoding = 4; lastKnownFileType = sourcecode.swift; name = NumberFormattingClass.swift; path = TipTok/Classes/NumberFormattingClass.swift; sourceTree = SOURCE_ROOT; };
		E3FD0FAC1EC3DB3600763ED2 /* AppleWatchColors.swift */ = {isa = PBXFileReference; fileEncoding = 4; lastKnownFileType = sourcecode.swift; name = AppleWatchColors.swift; path = TipTok/Classes/AppleWatchColors.swift; sourceTree = SOURCE_ROOT; };
		E3FD0FAD1EC3DB3600763ED2 /* ColoringAndThemes.swift */ = {isa = PBXFileReference; fileEncoding = 4; lastKnownFileType = sourcecode.swift; name = ColoringAndThemes.swift; path = TipTok/Classes/ColoringAndThemes.swift; sourceTree = SOURCE_ROOT; };
		E3FD0FAE1EC3DB3600763ED2 /* VariableAmountsClass.swift */ = {isa = PBXFileReference; fileEncoding = 4; lastKnownFileType = sourcecode.swift; name = VariableAmountsClass.swift; path = TipTok/Classes/VariableAmountsClass.swift; sourceTree = SOURCE_ROOT; };
/* End PBXFileReference section */

/* Begin PBXFrameworksBuildPhase section */
		04EF6D95248D3452009CEF03 /* Frameworks */ = {
			isa = PBXFrameworksBuildPhase;
			buildActionMask = 2147483647;
			files = (
			);
			runOnlyForDeploymentPostprocessing = 0;
		};
		90424FB74A6E50AA7FAF7759 /* Frameworks */ = {
			isa = PBXFrameworksBuildPhase;
			buildActionMask = 2147483647;
			files = (
			);
			runOnlyForDeploymentPostprocessing = 0;
		};
		C14330D22E494D89E405E5E6 /* Frameworks */ = {
			isa = PBXFrameworksBuildPhase;
			buildActionMask = 2147483647;
			files = (
			);
			runOnlyForDeploymentPostprocessing = 0;
		};
		E3AB121D1E2DC1DF0021C889 /* Frameworks */ = {
			isa = PBXFrameworksBuildPhase;
			buildActionMask = 2147483647;
			files = (
				E3AB12221E2DC1DF0021C889 /* NotificationCenter.framework in Frameworks */,
			);
			runOnlyForDeploymentPostprocessing = 0;
		};
		E3B4B2B11ABB2CF7002A6C16 /* Frameworks */ = {
			isa = PBXFrameworksBuildPhase;
			buildActionMask = 2147483647;
			files = (
				840BA3EF03ADAA0438876195 /* Pods_TipTok.framework in Frameworks */,
			);
			runOnlyForDeploymentPostprocessing = 0;
		};
		E3B4B2C61ABB2CF7002A6C16 /* Frameworks */ = {
			isa = PBXFrameworksBuildPhase;
			buildActionMask = 2147483647;
			files = (
				A772DC3530ACBA79C83E613A /* libPods-TipTokTests.a in Frameworks */,
			);
			runOnlyForDeploymentPostprocessing = 0;
		};
/* End PBXFrameworksBuildPhase section */

/* Begin PBXGroup section */
		046C65062496789400B99784 /* Views */ = {
			isa = PBXGroup;
			children = (
				04EF6DD1248E72DF009CEF03 /* WatchKeypad.swift */,
				04EF6DD3248E73E6009CEF03 /* ValuesView.swift */,
				04E19BAA2493210500994668 /* DetailedTipRateView.swift */,
				04EF6DD9248E9A4D009CEF03 /* SettingsPage.swift */,
				049C69682491CAE600273450 /* VenuesView.swift */,
				04E19BAC2493CB4000994668 /* SetupAlertView.swift */,
				048715422497AD5600DF33E5 /* KeypadButtons.swift */,
			);
			path = Views;
			sourceTree = "<group>";
		};
		04719F7C2497235700132EC8 /* SwiftUIViews */ = {
			isa = PBXGroup;
			children = (
				0487153B2497A72300DF33E5 /* MainPageSubviews.swift */,
				04719F782497233C00132EC8 /* MainPageSwiftUI.swift */,
				04719F7A2497234F00132EC8 /* SettingsPageSwiftUI.swift */,
				0487154F2498321A00DF33E5 /* PersonalizationPageSubviews.swift */,
				04719F7D2497247100132EC8 /* PersonalizationPage.swift */,
				04719F7F24972C4C00132EC8 /* ServiceQualityPicker.swift */,
				04719F8124972FC800132EC8 /* VenuePicker.swift */,
				048715442497AE4200DF33E5 /* Keypad.swift */,
				048715472497B08700DF33E5 /* KeypadButtons.swift */,
				048715512498521700DF33E5 /* NavigationConfigurator.swift */,
				04282A54249A4B64004F2879 /* CardViewModifier.swift */,
				04282A56249A7FFD004F2879 /* TextFields.swift */,
				0430E5A9249FEE9A0014E8E5 /* ThemesPage.swift */,
				0430E5AF24A121300014E8E5 /* WidgetView.swift */,
				0430E5B124A143190014E8E5 /* ContentView.swift */,
			);
			name = SwiftUIViews;
			sourceTree = "<group>";
		};
		04E0126E24896179009FAEEB /* Classes */ = {
			isa = PBXGroup;
			children = (
				04E012732489628A009FAEEB /* UserPreferences.swift */,
				04E0126F248961F0009FAEEB /* VenueEditor.swift */,
				E3FD0FA91EC3DB1A00763ED2 /* NumberFormattingClass.swift */,
				E3FD0FAC1EC3DB3600763ED2 /* AppleWatchColors.swift */,
				E3FD0FAD1EC3DB3600763ED2 /* ColoringAndThemes.swift */,
				E3FD0FAE1EC3DB3600763ED2 /* VariableAmountsClass.swift */,
			);
			path = Classes;
			sourceTree = "<group>";
		};
		04E0127F24896385009FAEEB /* Models */ = {
			isa = PBXGroup;
			children = (
				04E012722489628A009FAEEB /* ReceiptModel.swift */,
				04E012742489628A009FAEEB /* CalculationsModel.swift */,
			);
			name = Models;
			sourceTree = "<group>";
		};
		04EF6D8D248D3451009CEF03 /* TipTok_watchOS WatchKit App */ = {
			isa = PBXGroup;
			children = (
				0480B37924917F7F00036864 /* TipTok.entitlements */,
				04EF6D8E248D3451009CEF03 /* Interface.storyboard */,
				04EF6D91248D3452009CEF03 /* Assets.xcassets */,
				04EF6D93248D3452009CEF03 /* Info.plist */,
			);
			name = "TipTok_watchOS WatchKit App";
			path = "TipTok_watchOS Watchkit App";
			sourceTree = "<group>";
		};
		04EF6D9C248D3452009CEF03 /* TipTok_watchOS WatchKit Extension */ = {
			isa = PBXGroup;
			children = (
				0480B37824917F5F00036864 /* TipTok.entitlements */,
				0444E6CF24953A49004793BF /* WatchStyleValues.swift */,
				04EF6D9D248D3452009CEF03 /* ContentView.swift */,
				04EF6D9F248D3452009CEF03 /* HostingController.swift */,
				04EF6DA1248D3452009CEF03 /* ExtensionDelegate.swift */,
				04EF6DA3248D3452009CEF03 /* NotificationController.swift */,
				04EF6DA5248D3452009CEF03 /* NotificationView.swift */,
				04EF6DA7248D3452009CEF03 /* ComplicationController.swift */,
				0480B37424910E4600036864 /* WatchDataHandler.swift */,
				0480B3762491637100036864 /* CardStylings.swift */,
				041CAAD6249BDA1E000C1A1A /* LayoutTesting.swift */,
				046C65062496789400B99784 /* Views */,
				04EF6DA9248D3453009CEF03 /* Assets.xcassets */,
				04EF6DAE248D3453009CEF03 /* Info.plist */,
				04EF6DAF248D3453009CEF03 /* PushNotificationPayload.apns */,
				04EF6DAB248D3453009CEF03 /* Preview Content */,
			);
			path = "TipTok_watchOS WatchKit Extension";
			sourceTree = "<group>";
		};
		04EF6DAB248D3453009CEF03 /* Preview Content */ = {
			isa = PBXGroup;
			children = (
				04EF6DAC248D3453009CEF03 /* Preview Assets.xcassets */,
			);
			path = "Preview Content";
			sourceTree = "<group>";
		};
		5202330EB4EFFFB5CEA2B4DC /* Frameworks */ = {
			isa = PBXGroup;
			children = (
				D7BDDFCD6B56C6B727260FE1 /* libPods-Merces WatchKit App.a */,
				22E19BF2E33EE889A46B7EB5 /* libPods-Merces WatchKit Extension.a */,
				E3AB12211E2DC1DF0021C889 /* NotificationCenter.framework */,
				D44B1E14A2489C90421D914A /* Pods_TipTok.framework */,
				444E1671A7D392F99FAE1EAD /* libPods-TipTokTests.a */,
			);
			name = Frameworks;
			sourceTree = "<group>";
		};
		6EDF787E5C3BE443255DB696 /* Pods */ = {
			isa = PBXGroup;
			children = (
				9506843059A034A4E21823EA /* Pods-Merces.debug.xcconfig */,
				A7258C430F2BA335F878021F /* Pods-Merces.release.xcconfig */,
				63688267B953C1EDB1DE8E96 /* Pods-Merces WatchKit App.debug.xcconfig */,
				114411A3AA1179BD7CD421B4 /* Pods-Merces WatchKit App.release.xcconfig */,
				0C2A782DD83BB0614F1593B5 /* Pods-Merces WatchKit Extension.debug.xcconfig */,
				A3D38EFEC0B24B02425C5533 /* Pods-Merces WatchKit Extension.release.xcconfig */,
				AC73B4422AD0D72C597BA6E5 /* Pods-MercesTests.debug.xcconfig */,
				9F25C645504846EFFD41DEA8 /* Pods-MercesTests.release.xcconfig */,
				4E8CF7860A33A7BD82849B21 /* Pods-TipTok.debug.xcconfig */,
				8AA8BB7DE8AB79787BD6DA7C /* Pods-TipTok.release.xcconfig */,
				83362493474904AC17F435DF /* Pods-TipTokTests.debug.xcconfig */,
				9BA680A95FEF9F77503471DA /* Pods-TipTokTests.release.xcconfig */,
			);
			name = Pods;
			sourceTree = "<group>";
		};
		E33460A91E32CC3000D467C6 /* ViewControllers */ = {
			isa = PBXGroup;
			children = (
				E3AB12001E2DBE950021C889 /* NavigationController.swift */,
				E3AB12011E2DBE950021C889 /* MainPage.swift */,
				E3AB12021E2DBE950021C889 /* SettingsPage.swift */,
				E3AB12031E2DBE950021C889 /* OptimalUsagePage.swift */,
				E3AB12041E2DBE950021C889 /* MyMerces.swift */,
				E33460B21E33EFB000D467C6 /* Themes Page */,
				E3AB12061E2DBE950021C889 /* InAppPurchasePage.swift */,
			);
			name = ViewControllers;
			path = ..;
			sourceTree = "<group>";
		};
		E33460B21E33EFB000D467C6 /* Themes Page */ = {
			isa = PBXGroup;
			children = (
				E33460B01E32F23D00D467C6 /* ThemesViewController.swift */,
				E33460AA1E32EF2300D467C6 /* ThemesCollectionViewCell.swift */,
			);
			name = "Themes Page";
			path = TipTok;
			sourceTree = "<group>";
		};
		E3AB12231E2DC1DF0021C889 /* TipTokWidget */ = {
			isa = PBXGroup;
			children = (
				E3AB12381E2DC2C40021C889 /* TipTokWidget.entitlements */,
				E3AB12241E2DC1DF0021C889 /* TodayViewController.swift */,
				E3AB12311E2DC2080021C889 /* MainInterface.storyboard */,
				E3AB12291E2DC1DF0021C889 /* Info.plist */,
			);
			path = TipTokWidget;
			sourceTree = "<group>";
		};
		E3B4B2AB1ABB2CF7002A6C16 = {
			isa = PBXGroup;
			children = (
				E3B4B2B61ABB2CF7002A6C16 /* TipTok */,
				E3B4B2CC1ABB2CF7002A6C16 /* TipTokTests */,
				E3AB12231E2DC1DF0021C889 /* TipTokWidget */,
				04EF6D8D248D3451009CEF03 /* TipTok_watchOS WatchKit App */,
				04EF6D9C248D3452009CEF03 /* TipTok_watchOS WatchKit Extension */,
				E3B4B2B51ABB2CF7002A6C16 /* Products */,
				E3D43B161ACB4D7C00C13D06 /* Bridging Headers */,
				6EDF787E5C3BE443255DB696 /* Pods */,
				5202330EB4EFFFB5CEA2B4DC /* Frameworks */,
			);
			sourceTree = "<group>";
		};
		E3B4B2B51ABB2CF7002A6C16 /* Products */ = {
			isa = PBXGroup;
			children = (
				E3B4B2B41ABB2CF7002A6C16 /* TipTok.app */,
				E3B4B2C91ABB2CF7002A6C16 /* TipTokTests.xctest */,
				E3AB12201E2DC1DF0021C889 /* Tip Tok.appex */,
				04EF6D86248D3451009CEF03 /* TipTok_watchOS.app */,
				04EF6D89248D3451009CEF03 /* TipTok.app */,
				04EF6D98248D3452009CEF03 /* TipTok_watchOS WatchKit Extension.appex */,
			);
			name = Products;
			sourceTree = "<group>";
		};
		E3B4B2B61ABB2CF7002A6C16 /* TipTok */ = {
			isa = PBXGroup;
			children = (
				E3B4B3001ABBEC59002A6C16 /* TipTok.entitlements */,
				0430E5AB24A041170014E8E5 /* TipTok.ckcomplication */,
				E3B4B2B91ABB2CF7002A6C16 /* AppDelegate.swift */,
				048715492497C15A00DF33E5 /* SceneDelegate.swift */,
				04E0127F24896385009FAEEB /* Models */,
				04E0126E24896179009FAEEB /* Classes */,
				E3B4B2DD1ABB2D67002A6C16 /* Spring */,
				E3B4B2ED1ABB2E46002A6C16 /* Views */,
				E3B4B2C01ABB2CF7002A6C16 /* Images.xcassets */,
				E33460A91E32CC3000D467C6 /* ViewControllers */,
				E3B4B2B71ABB2CF7002A6C16 /* Supporting Files */,
				04719F7C2497235700132EC8 /* SwiftUIViews */,
			);
			path = TipTok;
			sourceTree = "<group>";
		};
		E3B4B2B71ABB2CF7002A6C16 /* Supporting Files */ = {
			isa = PBXGroup;
			children = (
				E3A61E121AE3F69C00F2467C /* Localizable.strings */,
				E3B4B2B81ABB2CF7002A6C16 /* Info.plist */,
				E3AB12181E2DBF210021C889 /* defaultPreferences.plist */,
			);
			name = "Supporting Files";
			sourceTree = "<group>";
		};
		E3B4B2CC1ABB2CF7002A6C16 /* TipTokTests */ = {
			isa = PBXGroup;
			children = (
				E3B4B2CF1ABB2CF7002A6C16 /* MercesTests.swift */,
				E3B4B2CD1ABB2CF7002A6C16 /* Supporting Files */,
			);
			path = TipTokTests;
			sourceTree = "<group>";
		};
		E3B4B2CD1ABB2CF7002A6C16 /* Supporting Files */ = {
			isa = PBXGroup;
			children = (
				E3B4B2CE1ABB2CF7002A6C16 /* Info.plist */,
			);
			name = "Supporting Files";
			sourceTree = "<group>";
		};
		E3B4B2DD1ABB2D67002A6C16 /* Spring */ = {
			isa = PBXGroup;
			children = (
				E3B4B2D91ABB2D62002A6C16 /* BlurView.swift */,
				E3B4B2DA1ABB2D62002A6C16 /* SpringAnimation.swift */,
			);
			name = Spring;
			sourceTree = "<group>";
		};
		E3B4B2ED1ABB2E46002A6C16 /* Views */ = {
			isa = PBXGroup;
			children = (
				78B3D1F11F6A05FF009C8051 /* Main.storyboard */,
				E3B4B2EA1ABB2E1E002A6C16 /* LaunchScreen.xib */,
			);
			name = Views;
			sourceTree = "<group>";
		};
		E3D43B161ACB4D7C00C13D06 /* Bridging Headers */ = {
			isa = PBXGroup;
			children = (
				E3B4B2FD1ABB329C002A6C16 /* Merces-Bridging-Header.h */,
				E38D64021ACB3D1E0060EE81 /* Merces WatchKit Extension-Bridging-Header.h */,
			);
			name = "Bridging Headers";
			sourceTree = "<group>";
		};
/* End PBXGroup section */

/* Begin PBXNativeTarget section */
		04EF6D85248D3451009CEF03 /* TipTok_watchOS */ = {
			isa = PBXNativeTarget;
			buildConfigurationList = 04EF6DB8248D3453009CEF03 /* Build configuration list for PBXNativeTarget "TipTok_watchOS" */;
			buildPhases = (
				04EF6D84248D3451009CEF03 /* Resources */,
				04EF6DB7248D3453009CEF03 /* Embed Watch Content */,
				90424FB74A6E50AA7FAF7759 /* Frameworks */,
			);
			buildRules = (
			);
			dependencies = (
				04EF6D8C248D3451009CEF03 /* PBXTargetDependency */,
			);
			name = TipTok_watchOS;
			productName = Merces_watchOS;
			productReference = 04EF6D86248D3451009CEF03 /* TipTok_watchOS.app */;
			productType = "com.apple.product-type.application.watchapp2-container";
		};
		04EF6D88248D3451009CEF03 /* TipTok_watchOS WatchKit App */ = {
			isa = PBXNativeTarget;
			buildConfigurationList = 04EF6DB4248D3453009CEF03 /* Build configuration list for PBXNativeTarget "TipTok_watchOS WatchKit App" */;
			buildPhases = (
				04EF6D87248D3451009CEF03 /* Resources */,
				04EF6DB3248D3453009CEF03 /* Embed App Extensions */,
				C14330D22E494D89E405E5E6 /* Frameworks */,
			);
			buildRules = (
			);
			dependencies = (
				04EF6D9B248D3452009CEF03 /* PBXTargetDependency */,
			);
			name = "TipTok_watchOS WatchKit App";
			productName = "Merces_watchOS WatchKit App";
			productReference = 04EF6D89248D3451009CEF03 /* TipTok.app */;
			productType = "com.apple.product-type.application.watchapp2";
		};
		04EF6D97248D3452009CEF03 /* TipTok_watchOS WatchKit Extension */ = {
			isa = PBXNativeTarget;
			buildConfigurationList = 04EF6DB0248D3453009CEF03 /* Build configuration list for PBXNativeTarget "TipTok_watchOS WatchKit Extension" */;
			buildPhases = (
				04EF6D94248D3452009CEF03 /* Sources */,
				04EF6D95248D3452009CEF03 /* Frameworks */,
				04EF6D96248D3452009CEF03 /* Resources */,
			);
			buildRules = (
			);
			dependencies = (
			);
			name = "TipTok_watchOS WatchKit Extension";
			productName = "Merces_watchOS WatchKit Extension";
			productReference = 04EF6D98248D3452009CEF03 /* TipTok_watchOS WatchKit Extension.appex */;
			productType = "com.apple.product-type.watchkit2-extension";
		};
		E3AB121F1E2DC1DF0021C889 /* TipTokWidget */ = {
			isa = PBXNativeTarget;
			buildConfigurationList = E3AB122D1E2DC1DF0021C889 /* Build configuration list for PBXNativeTarget "TipTokWidget" */;
			buildPhases = (
				E3AB121C1E2DC1DF0021C889 /* Sources */,
				E3AB121D1E2DC1DF0021C889 /* Frameworks */,
				E3AB121E1E2DC1DF0021C889 /* Resources */,
			);
			buildRules = (
			);
			dependencies = (
			);
			name = TipTokWidget;
			productName = MercesWidget;
			productReference = E3AB12201E2DC1DF0021C889 /* Tip Tok.appex */;
			productType = "com.apple.product-type.app-extension";
		};
		E3B4B2B31ABB2CF7002A6C16 /* TipTok */ = {
			isa = PBXNativeTarget;
			buildConfigurationList = E3B4B2D31ABB2CF7002A6C16 /* Build configuration list for PBXNativeTarget "TipTok" */;
			buildPhases = (
				6C674A2B376E1B9158D7CB19 /* [CP] Check Pods Manifest.lock */,
				E3B4B2B01ABB2CF7002A6C16 /* Sources */,
				E3B4B2B11ABB2CF7002A6C16 /* Frameworks */,
				E3B4B2B21ABB2CF7002A6C16 /* Resources */,
				E3D033D61BA64F6C00665049 /* Embed Watch Content */,
				0AFD1090F9F8B9975A8CE8E9 /* [CP] Embed Pods Frameworks */,
				E3AB12301E2DC1DF0021C889 /* Embed App Extensions */,
			);
			buildRules = (
			);
			dependencies = (
				E3AB122B1E2DC1DF0021C889 /* PBXTargetDependency */,
			);
			name = TipTok;
			productName = Merces;
			productReference = E3B4B2B41ABB2CF7002A6C16 /* TipTok.app */;
			productType = "com.apple.product-type.application";
		};
		E3B4B2C81ABB2CF7002A6C16 /* TipTokTests */ = {
			isa = PBXNativeTarget;
			buildConfigurationList = E3B4B2D61ABB2CF7002A6C16 /* Build configuration list for PBXNativeTarget "TipTokTests" */;
			buildPhases = (
				DD7337777E78BB568EA725EC /* [CP] Check Pods Manifest.lock */,
				E3B4B2C51ABB2CF7002A6C16 /* Sources */,
				E3B4B2C61ABB2CF7002A6C16 /* Frameworks */,
				E3B4B2C71ABB2CF7002A6C16 /* Resources */,
			);
			buildRules = (
			);
			dependencies = (
				E3B4B2CB1ABB2CF7002A6C16 /* PBXTargetDependency */,
			);
			name = TipTokTests;
			productName = MercesTests;
			productReference = E3B4B2C91ABB2CF7002A6C16 /* TipTokTests.xctest */;
			productType = "com.apple.product-type.bundle.unit-test";
		};
/* End PBXNativeTarget section */

/* Begin PBXProject section */
		E3B4B2AC1ABB2CF7002A6C16 /* Project object */ = {
			isa = PBXProject;
			attributes = {
				LastSwiftMigration = 0700;
				LastSwiftUpdateCheck = 1150;
				LastUpgradeCheck = 1130;
				ORGANIZATIONNAME = DoMarsToyBox;
				TargetAttributes = {
					04EF6D85248D3451009CEF03 = {
						CreatedOnToolsVersion = 11.5;
						DevelopmentTeam = NS4T6US98M;
						ProvisioningStyle = Automatic;
					};
					04EF6D88248D3451009CEF03 = {
						CreatedOnToolsVersion = 11.5;
						DevelopmentTeam = NS4T6US98M;
						ProvisioningStyle = Automatic;
					};
					04EF6D97248D3452009CEF03 = {
						CreatedOnToolsVersion = 11.5;
						DevelopmentTeam = NS4T6US98M;
						ProvisioningStyle = Automatic;
					};
					E3AB121F1E2DC1DF0021C889 = {
						CreatedOnToolsVersion = 8.2.1;
						DevelopmentTeam = NS4T6US98M;
						LastSwiftMigration = 1150;
						ProvisioningStyle = Automatic;
						SystemCapabilities = {
							com.apple.ApplicationGroups.iOS = {
								enabled = 1;
							};
						};
					};
					E3B4B2B31ABB2CF7002A6C16 = {
						CreatedOnToolsVersion = 6.2;
						DevelopmentTeam = NS4T6US98M;
						LastSwiftMigration = 1150;
						SystemCapabilities = {
							com.apple.ApplicationGroups.iOS = {
								enabled = 1;
							};
							com.apple.SafariKeychain = {
								enabled = 1;
							};
						};
					};
					E3B4B2C81ABB2CF7002A6C16 = {
						CreatedOnToolsVersion = 6.2;
						LastSwiftMigration = 1150;
						TestTargetID = E3B4B2B31ABB2CF7002A6C16;
					};
				};
			};
			buildConfigurationList = E3B4B2AF1ABB2CF7002A6C16 /* Build configuration list for PBXProject "TipTok" */;
			compatibilityVersion = "Xcode 3.2";
			developmentRegion = en;
			hasScannedForEncodings = 0;
			knownRegions = (
				en,
				Base,
				ko,
				fr,
				de,
				"zh-Hant",
				ja,
			);
			mainGroup = E3B4B2AB1ABB2CF7002A6C16;
			productRefGroup = E3B4B2B51ABB2CF7002A6C16 /* Products */;
			projectDirPath = "";
			projectRoot = "";
			targets = (
				E3B4B2B31ABB2CF7002A6C16 /* TipTok */,
				E3B4B2C81ABB2CF7002A6C16 /* TipTokTests */,
				E3AB121F1E2DC1DF0021C889 /* TipTokWidget */,
				04EF6D85248D3451009CEF03 /* TipTok_watchOS */,
				04EF6D88248D3451009CEF03 /* TipTok_watchOS WatchKit App */,
				04EF6D97248D3452009CEF03 /* TipTok_watchOS WatchKit Extension */,
			);
		};
/* End PBXProject section */

/* Begin PBXResourcesBuildPhase section */
		04EF6D84248D3451009CEF03 /* Resources */ = {
			isa = PBXResourcesBuildPhase;
			buildActionMask = 2147483647;
			files = (
				041CAAD4249BCCBB000C1A1A /* Images.xcassets in Resources */,
			);
			runOnlyForDeploymentPostprocessing = 0;
		};
		04EF6D87248D3451009CEF03 /* Resources */ = {
			isa = PBXResourcesBuildPhase;
			buildActionMask = 2147483647;
			files = (
				04EF6DD0248D460A009CEF03 /* Interface.storyboard in Resources */,
				046C65022495B24D00B99784 /* defaultPreferences.plist in Resources */,
				04D5E83424958AE000883DE8 /* Images.xcassets in Resources */,
			);
			runOnlyForDeploymentPostprocessing = 0;
		};
		04EF6D96248D3452009CEF03 /* Resources */ = {
			isa = PBXResourcesBuildPhase;
			buildActionMask = 2147483647;
			files = (
				04EF6DAD248D3453009CEF03 /* Preview Assets.xcassets in Resources */,
				041CAAD3249BCCB8000C1A1A /* Images.xcassets in Resources */,
				046C65032495B24E00B99784 /* defaultPreferences.plist in Resources */,
				04EF6DAA248D3453009CEF03 /* Assets.xcassets in Resources */,
			);
			runOnlyForDeploymentPostprocessing = 0;
		};
		E3AB121E1E2DC1DF0021C889 /* Resources */ = {
			isa = PBXResourcesBuildPhase;
			buildActionMask = 2147483647;
			files = (
				041CAAD5249BCCBC000C1A1A /* Images.xcassets in Resources */,
				E3AB12321E2DC2080021C889 /* MainInterface.storyboard in Resources */,
				046C65042495B24F00B99784 /* defaultPreferences.plist in Resources */,
			);
			runOnlyForDeploymentPostprocessing = 0;
		};
		E3B4B2B21ABB2CF7002A6C16 /* Resources */ = {
			isa = PBXResourcesBuildPhase;
			buildActionMask = 2147483647;
			files = (
				0430E5AC24A041170014E8E5 /* TipTok.ckcomplication in Resources */,
				E3A61E101AE3F69C00F2467C /* Localizable.strings in Resources */,
				78B3D1EF1F6A05FF009C8051 /* Main.storyboard in Resources */,
				E3B4B2EC1ABB2E1E002A6C16 /* LaunchScreen.xib in Resources */,
				E3B4B2C11ABB2CF7002A6C16 /* Images.xcassets in Resources */,
				046C65012495B24A00B99784 /* defaultPreferences.plist in Resources */,
			);
			runOnlyForDeploymentPostprocessing = 0;
		};
		E3B4B2C71ABB2CF7002A6C16 /* Resources */ = {
			isa = PBXResourcesBuildPhase;
			buildActionMask = 2147483647;
			files = (
			);
			runOnlyForDeploymentPostprocessing = 0;
		};
/* End PBXResourcesBuildPhase section */

/* Begin PBXShellScriptBuildPhase section */
		0AFD1090F9F8B9975A8CE8E9 /* [CP] Embed Pods Frameworks */ = {
			isa = PBXShellScriptBuildPhase;
			buildActionMask = 2147483647;
			files = (
			);
			inputPaths = (
				"${PODS_ROOT}/Target Support Files/Pods-TipTok/Pods-TipTok-frameworks.sh",
				"${BUILT_PRODUCTS_DIR}/ChameleonFramework/ChameleonFramework.framework",
				"${BUILT_PRODUCTS_DIR}/ChameleonSwift/ChameleonSwift.framework",
			);
			name = "[CP] Embed Pods Frameworks";
			outputPaths = (
				"${TARGET_BUILD_DIR}/${FRAMEWORKS_FOLDER_PATH}/ChameleonFramework.framework",
				"${TARGET_BUILD_DIR}/${FRAMEWORKS_FOLDER_PATH}/ChameleonSwift.framework",
			);
			runOnlyForDeploymentPostprocessing = 0;
			shellPath = /bin/sh;
			shellScript = "\"${PODS_ROOT}/Target Support Files/Pods-TipTok/Pods-TipTok-frameworks.sh\"\n";
			showEnvVarsInLog = 0;
		};
		6C674A2B376E1B9158D7CB19 /* [CP] Check Pods Manifest.lock */ = {
			isa = PBXShellScriptBuildPhase;
			buildActionMask = 2147483647;
			files = (
			);
			inputPaths = (
				"${PODS_PODFILE_DIR_PATH}/Podfile.lock",
				"${PODS_ROOT}/Manifest.lock",
			);
			name = "[CP] Check Pods Manifest.lock";
			outputPaths = (
				"$(DERIVED_FILE_DIR)/Pods-TipTok-checkManifestLockResult.txt",
			);
			runOnlyForDeploymentPostprocessing = 0;
			shellPath = /bin/sh;
			shellScript = "diff \"${PODS_PODFILE_DIR_PATH}/Podfile.lock\" \"${PODS_ROOT}/Manifest.lock\" > /dev/null\nif [ $? != 0 ] ; then\n    # print error to STDERR\n    echo \"error: The sandbox is not in sync with the Podfile.lock. Run 'pod install' or update your CocoaPods installation.\" >&2\n    exit 1\nfi\n# This output is used by Xcode 'outputs' to avoid re-running this script phase.\necho \"SUCCESS\" > \"${SCRIPT_OUTPUT_FILE_0}\"\n";
			showEnvVarsInLog = 0;
		};
		DD7337777E78BB568EA725EC /* [CP] Check Pods Manifest.lock */ = {
			isa = PBXShellScriptBuildPhase;
			buildActionMask = 2147483647;
			files = (
			);
			inputPaths = (
				"${PODS_PODFILE_DIR_PATH}/Podfile.lock",
				"${PODS_ROOT}/Manifest.lock",
			);
			name = "[CP] Check Pods Manifest.lock";
			outputPaths = (
				"$(DERIVED_FILE_DIR)/Pods-TipTokTests-checkManifestLockResult.txt",
			);
			runOnlyForDeploymentPostprocessing = 0;
			shellPath = /bin/sh;
			shellScript = "diff \"${PODS_PODFILE_DIR_PATH}/Podfile.lock\" \"${PODS_ROOT}/Manifest.lock\" > /dev/null\nif [ $? != 0 ] ; then\n    # print error to STDERR\n    echo \"error: The sandbox is not in sync with the Podfile.lock. Run 'pod install' or update your CocoaPods installation.\" >&2\n    exit 1\nfi\n# This output is used by Xcode 'outputs' to avoid re-running this script phase.\necho \"SUCCESS\" > \"${SCRIPT_OUTPUT_FILE_0}\"\n";
			showEnvVarsInLog = 0;
		};
/* End PBXShellScriptBuildPhase section */

/* Begin PBXSourcesBuildPhase section */
		04EF6D94248D3452009CEF03 /* Sources */ = {
			isa = PBXSourcesBuildPhase;
			buildActionMask = 2147483647;
			files = (
				04EF6DC8248D367F009CEF03 /* ColoringAndThemes.swift in Sources */,
				04EF6DC9248D3683009CEF03 /* VariableAmountsClass.swift in Sources */,
				041CAAD7249BDA1E000C1A1A /* LayoutTesting.swift in Sources */,
				04EF6DCA248D36CC009CEF03 /* AppleWatchColors.swift in Sources */,
				04EF6DCD248D36DB009CEF03 /* VenueEditor.swift in Sources */,
				0480B3772491637100036864 /* CardStylings.swift in Sources */,
				04EF6DCF248D45E6009CEF03 /* CalculationsModel.swift in Sources */,
				04EF6DCB248D36D4009CEF03 /* NumberFormattingClass.swift in Sources */,
				0444E6D024953A49004793BF /* WatchStyleValues.swift in Sources */,
				04EF6DA0248D3452009CEF03 /* HostingController.swift in Sources */,
				04EF6DD4248E73E6009CEF03 /* ValuesView.swift in Sources */,
				04EF6DDA248E9A4D009CEF03 /* SettingsPage.swift in Sources */,
				04EF6DCE248D45BB009CEF03 /* NotificationController.swift in Sources */,
				04EF6D9E248D3452009CEF03 /* ContentView.swift in Sources */,
				04E19BAD2493CB4000994668 /* SetupAlertView.swift in Sources */,
				04EF6DA2248D3452009CEF03 /* ExtensionDelegate.swift in Sources */,
				04E19BAB2493210500994668 /* DetailedTipRateView.swift in Sources */,
				04EF6DA6248D3452009CEF03 /* NotificationView.swift in Sources */,
				04EF6DD2248E72DF009CEF03 /* WatchKeypad.swift in Sources */,
				049C69692491CAE600273450 /* VenuesView.swift in Sources */,
				048715432497AD5600DF33E5 /* KeypadButtons.swift in Sources */,
				0480B37524910E4600036864 /* WatchDataHandler.swift in Sources */,
				04EF6DA8248D3452009CEF03 /* ComplicationController.swift in Sources */,
				04EF6DCC248D36D8009CEF03 /* UserPreferences.swift in Sources */,
			);
			runOnlyForDeploymentPostprocessing = 0;
		};
		E3AB121C1E2DC1DF0021C889 /* Sources */ = {
			isa = PBXSourcesBuildPhase;
			buildActionMask = 2147483647;
			files = (
				E3FD0FB41EC3DB3600763ED2 /* VariableAmountsClass.swift in Sources */,
				04E012792489628A009FAEEB /* UserPreferences.swift in Sources */,
				E3FD0FB21EC3DB3600763ED2 /* ColoringAndThemes.swift in Sources */,
				E3AB12251E2DC1DF0021C889 /* TodayViewController.swift in Sources */,
				E3AB12371E2DC25F0021C889 /* SpringAnimation.swift in Sources */,
				04E0127B2489628A009FAEEB /* CalculationsModel.swift in Sources */,
				04E0127E248962B5009FAEEB /* VenueEditor.swift in Sources */,
				04E012772489628A009FAEEB /* ReceiptModel.swift in Sources */,
				E3FD0FB01EC3DB3600763ED2 /* AppleWatchColors.swift in Sources */,
				E3FD0FAB1EC3DB1A00763ED2 /* NumberFormattingClass.swift in Sources */,
			);
			runOnlyForDeploymentPostprocessing = 0;
		};
		E3B4B2B01ABB2CF7002A6C16 /* Sources */ = {
			isa = PBXSourcesBuildPhase;
			buildActionMask = 2147483647;
			files = (
				E3FD0FB31EC3DB3600763ED2 /* VariableAmountsClass.swift in Sources */,
				04719F8024972C4C00132EC8 /* ServiceQualityPicker.swift in Sources */,
				048715482497B08700DF33E5 /* KeypadButtons.swift in Sources */,
				04719F7B2497234F00132EC8 /* SettingsPageSwiftUI.swift in Sources */,
				04E01270248961F0009FAEEB /* VenueEditor.swift in Sources */,
				04EE912D24A1664F0033D0AF /* NavigationController.swift in Sources */,
				04282A57249A7FFD004F2879 /* TextFields.swift in Sources */,
				E3FD0FB11EC3DB3600763ED2 /* ColoringAndThemes.swift in Sources */,
				048715452497AE4200DF33E5 /* Keypad.swift in Sources */,
				04282A55249A4B64004F2879 /* CardViewModifier.swift in Sources */,
				0430E5AA249FEE9A0014E8E5 /* ThemesPage.swift in Sources */,
				0487153C2497A72300DF33E5 /* MainPageSubviews.swift in Sources */,
				0430E5B024A121300014E8E5 /* WidgetView.swift in Sources */,
				04719F7E2497247100132EC8 /* PersonalizationPage.swift in Sources */,
				0430E5B224A143190014E8E5 /* ContentView.swift in Sources */,
				04E012782489628A009FAEEB /* UserPreferences.swift in Sources */,
				E3B4B2BA1ABB2CF7002A6C16 /* AppDelegate.swift in Sources */,
				0487154A2497C15A00DF33E5 /* SceneDelegate.swift in Sources */,
				E3FD0FAF1EC3DB3600763ED2 /* AppleWatchColors.swift in Sources */,
				04E0127A2489628A009FAEEB /* CalculationsModel.swift in Sources */,
				04719F792497233C00132EC8 /* MainPageSwiftUI.swift in Sources */,
				E3B4B2DB1ABB2D62002A6C16 /* BlurView.swift in Sources */,
				E3B4B2DC1ABB2D62002A6C16 /* SpringAnimation.swift in Sources */,
				04E012762489628A009FAEEB /* ReceiptModel.swift in Sources */,
				048715502498321A00DF33E5 /* PersonalizationPageSubviews.swift in Sources */,
				04719F8224972FC800132EC8 /* VenuePicker.swift in Sources */,
				048715522498521700DF33E5 /* NavigationConfigurator.swift in Sources */,
				E3FD0FAA1EC3DB1A00763ED2 /* NumberFormattingClass.swift in Sources */,
			);
			runOnlyForDeploymentPostprocessing = 0;
		};
		E3B4B2C51ABB2CF7002A6C16 /* Sources */ = {
			isa = PBXSourcesBuildPhase;
			buildActionMask = 2147483647;
			files = (
				E3B4B2D01ABB2CF7002A6C16 /* MercesTests.swift in Sources */,
			);
			runOnlyForDeploymentPostprocessing = 0;
		};
/* End PBXSourcesBuildPhase section */

/* Begin PBXTargetDependency section */
		04EF6D8C248D3451009CEF03 /* PBXTargetDependency */ = {
			isa = PBXTargetDependency;
			target = 04EF6D88248D3451009CEF03 /* TipTok_watchOS WatchKit App */;
			targetProxy = 04EF6D8B248D3451009CEF03 /* PBXContainerItemProxy */;
		};
		04EF6D9B248D3452009CEF03 /* PBXTargetDependency */ = {
			isa = PBXTargetDependency;
			target = 04EF6D97248D3452009CEF03 /* TipTok_watchOS WatchKit Extension */;
			targetProxy = 04EF6D9A248D3452009CEF03 /* PBXContainerItemProxy */;
		};
		E3AB122B1E2DC1DF0021C889 /* PBXTargetDependency */ = {
			isa = PBXTargetDependency;
			target = E3AB121F1E2DC1DF0021C889 /* TipTokWidget */;
			targetProxy = E3AB122A1E2DC1DF0021C889 /* PBXContainerItemProxy */;
		};
		E3B4B2CB1ABB2CF7002A6C16 /* PBXTargetDependency */ = {
			isa = PBXTargetDependency;
			target = E3B4B2B31ABB2CF7002A6C16 /* TipTok */;
			targetProxy = E3B4B2CA1ABB2CF7002A6C16 /* PBXContainerItemProxy */;
		};
/* End PBXTargetDependency section */

/* Begin PBXVariantGroup section */
		04EF6D8E248D3451009CEF03 /* Interface.storyboard */ = {
			isa = PBXVariantGroup;
			children = (
				04EF6D8F248D3451009CEF03 /* Base */,
			);
			name = Interface.storyboard;
			sourceTree = "<group>";
		};
		78B3D1F11F6A05FF009C8051 /* Main.storyboard */ = {
			isa = PBXVariantGroup;
			children = (
				78B3D1F21F6A0611009C8051 /* Base */,
				78B3D1F41F6A061F009C8051 /* en */,
				78B3D1F51F6A0660009C8051 /* zh-Hant */,
			);
			name = Main.storyboard;
			sourceTree = "<group>";
		};
		E3A61E121AE3F69C00F2467C /* Localizable.strings */ = {
			isa = PBXVariantGroup;
			children = (
				E3A61E111AE3F69C00F2467C /* zh-Hant */,
				E3A61E131AE3F6A700F2467C /* en */,
				E3A61E141AE3F6AC00F2467C /* ko */,
				E3A61E171AE450A100F2467C /* fr */,
				E335CC901AE59DD700D26A65 /* de */,
				78B3D1EE1F6A0199009C8051 /* Base */,
			);
			name = Localizable.strings;
			sourceTree = "<group>";
		};
/* End PBXVariantGroup section */

/* Begin XCBuildConfiguration section */
		04EF6DB1248D3453009CEF03 /* Debug */ = {
			isa = XCBuildConfiguration;
			buildSettings = {
				ASSETCATALOG_COMPILER_COMPLICATION_NAME = Complication;
				CLANG_ANALYZER_NONNULL = YES;
				CLANG_ANALYZER_NUMBER_OBJECT_CONVERSION = YES_AGGRESSIVE;
				CLANG_CXX_LANGUAGE_STANDARD = "gnu++14";
				CLANG_ENABLE_OBJC_WEAK = YES;
				CLANG_WARN_DOCUMENTATION_COMMENTS = YES;
				CLANG_WARN_UNGUARDED_AVAILABILITY = YES_AGGRESSIVE;
				CODE_SIGN_ENTITLEMENTS = "TipTok_watchOS WatchKit Extension/TipTok.entitlements";
				CODE_SIGN_STYLE = Automatic;
				DEBUG_INFORMATION_FORMAT = dwarf;
				DEVELOPMENT_ASSET_PATHS = "\"TipTok_watchOS WatchKit Extension/Preview Content\"";
				DEVELOPMENT_TEAM = NS4T6US98M;
				ENABLE_PREVIEWS = YES;
				GCC_C_LANGUAGE_STANDARD = gnu11;
				INFOPLIST_FILE = "$(SRCROOT)/TipTok_watchOS WatchKit Extension/Info.plist";
				LD_RUNPATH_SEARCH_PATHS = "$(inherited) @executable_path/Frameworks @executable_path/../../Frameworks";
				MTL_ENABLE_DEBUG_INFO = INCLUDE_SOURCE;
				MTL_FAST_MATH = YES;
				PRODUCT_BUNDLE_IDENTIFIER = "com.domar.TipTok-watchOS.watchkitapp.watchkitextension";
				PRODUCT_NAME = "TipTok_watchOS WatchKit Extension";
				SDKROOT = watchos;
				SKIP_INSTALL = YES;
				SWIFT_ACTIVE_COMPILATION_CONDITIONS = DEBUG;
				SWIFT_VERSION = 5.0;
				TARGETED_DEVICE_FAMILY = 4;
				WATCHOS_DEPLOYMENT_TARGET = 6.2;
			};
			name = Debug;
		};
		04EF6DB2248D3453009CEF03 /* Release */ = {
			isa = XCBuildConfiguration;
			buildSettings = {
				ASSETCATALOG_COMPILER_COMPLICATION_NAME = Complication;
				CLANG_ANALYZER_NONNULL = YES;
				CLANG_ANALYZER_NUMBER_OBJECT_CONVERSION = YES_AGGRESSIVE;
				CLANG_CXX_LANGUAGE_STANDARD = "gnu++14";
				CLANG_ENABLE_OBJC_WEAK = YES;
				CLANG_WARN_DOCUMENTATION_COMMENTS = YES;
				CLANG_WARN_UNGUARDED_AVAILABILITY = YES_AGGRESSIVE;
				CODE_SIGN_ENTITLEMENTS = "TipTok_watchOS WatchKit Extension/TipTok.entitlements";
				CODE_SIGN_STYLE = Automatic;
				DEBUG_INFORMATION_FORMAT = "dwarf-with-dsym";
				DEVELOPMENT_ASSET_PATHS = "\"TipTok_watchOS WatchKit Extension/Preview Content\"";
				DEVELOPMENT_TEAM = NS4T6US98M;
				ENABLE_PREVIEWS = YES;
				GCC_C_LANGUAGE_STANDARD = gnu11;
				INFOPLIST_FILE = "$(SRCROOT)/TipTok_watchOS WatchKit Extension/Info.plist";
				LD_RUNPATH_SEARCH_PATHS = "$(inherited) @executable_path/Frameworks @executable_path/../../Frameworks";
				MTL_FAST_MATH = YES;
				PRODUCT_BUNDLE_IDENTIFIER = "com.domar.TipTok-watchOS.watchkitapp.watchkitextension";
				PRODUCT_NAME = "TipTok_watchOS WatchKit Extension";
				SDKROOT = watchos;
				SKIP_INSTALL = YES;
				SWIFT_VERSION = 5.0;
				TARGETED_DEVICE_FAMILY = 4;
				WATCHOS_DEPLOYMENT_TARGET = 6.2;
			};
			name = Release;
		};
		04EF6DB5248D3453009CEF03 /* Debug */ = {
			isa = XCBuildConfiguration;
			buildSettings = {
				ALWAYS_EMBED_SWIFT_STANDARD_LIBRARIES = YES;
				ASSETCATALOG_COMPILER_APPICON_NAME = AppIcon;
				CLANG_ANALYZER_NONNULL = YES;
				CLANG_ANALYZER_NUMBER_OBJECT_CONVERSION = YES_AGGRESSIVE;
				CLANG_CXX_LANGUAGE_STANDARD = "gnu++14";
				CLANG_ENABLE_OBJC_WEAK = YES;
				CLANG_WARN_DOCUMENTATION_COMMENTS = YES;
				CLANG_WARN_UNGUARDED_AVAILABILITY = YES_AGGRESSIVE;
				CODE_SIGN_ENTITLEMENTS = "TipTok_watchOS WatchKit App/TipTok.entitlements";
				CODE_SIGN_STYLE = Automatic;
				DEBUG_INFORMATION_FORMAT = dwarf;
				DEVELOPMENT_TEAM = NS4T6US98M;
				GCC_C_LANGUAGE_STANDARD = gnu11;
				IBSC_MODULE = TipTok_watchOS_WatchKit_Extension;
				INFOPLIST_FILE = "$(SRCROOT)/TipTok_watchOS Watchkit App/Info.plist";
				MTL_ENABLE_DEBUG_INFO = INCLUDE_SOURCE;
				MTL_FAST_MATH = YES;
				PRODUCT_BUNDLE_IDENTIFIER = "com.domar.TipTok-watchOS.watchkitapp";
				PRODUCT_NAME = TipTok;
				SDKROOT = watchos;
				SKIP_INSTALL = YES;
				SWIFT_ACTIVE_COMPILATION_CONDITIONS = DEBUG;
				SWIFT_VERSION = 5.0;
				TARGETED_DEVICE_FAMILY = 4;
				WATCHOS_DEPLOYMENT_TARGET = 6.2;
			};
			name = Debug;
		};
		04EF6DB6248D3453009CEF03 /* Release */ = {
			isa = XCBuildConfiguration;
			buildSettings = {
				ALWAYS_EMBED_SWIFT_STANDARD_LIBRARIES = YES;
				ASSETCATALOG_COMPILER_APPICON_NAME = AppIcon;
				CLANG_ANALYZER_NONNULL = YES;
				CLANG_ANALYZER_NUMBER_OBJECT_CONVERSION = YES_AGGRESSIVE;
				CLANG_CXX_LANGUAGE_STANDARD = "gnu++14";
				CLANG_ENABLE_OBJC_WEAK = YES;
				CLANG_WARN_DOCUMENTATION_COMMENTS = YES;
				CLANG_WARN_UNGUARDED_AVAILABILITY = YES_AGGRESSIVE;
				CODE_SIGN_ENTITLEMENTS = "TipTok_watchOS WatchKit App/TipTok.entitlements";
				CODE_SIGN_STYLE = Automatic;
				DEBUG_INFORMATION_FORMAT = "dwarf-with-dsym";
				DEVELOPMENT_TEAM = NS4T6US98M;
				GCC_C_LANGUAGE_STANDARD = gnu11;
				IBSC_MODULE = TipTok_watchOS_WatchKit_Extension;
				INFOPLIST_FILE = "$(SRCROOT)/TipTok_watchOS Watchkit App/Info.plist";
				MTL_FAST_MATH = YES;
				PRODUCT_BUNDLE_IDENTIFIER = "com.domar.TipTok-watchOS.watchkitapp";
				PRODUCT_NAME = TipTok;
				SDKROOT = watchos;
				SKIP_INSTALL = YES;
				SWIFT_VERSION = 5.0;
				TARGETED_DEVICE_FAMILY = 4;
				WATCHOS_DEPLOYMENT_TARGET = 6.2;
			};
			name = Release;
		};
		04EF6DB9248D3453009CEF03 /* Debug */ = {
			isa = XCBuildConfiguration;
			buildSettings = {
				CLANG_ANALYZER_NONNULL = YES;
				CLANG_ANALYZER_NUMBER_OBJECT_CONVERSION = YES_AGGRESSIVE;
				CLANG_CXX_LANGUAGE_STANDARD = "gnu++14";
				CLANG_ENABLE_OBJC_WEAK = YES;
				CLANG_WARN_DOCUMENTATION_COMMENTS = YES;
				CLANG_WARN_UNGUARDED_AVAILABILITY = YES_AGGRESSIVE;
				CODE_SIGN_STYLE = Automatic;
				CURRENT_PROJECT_VERSION = 1;
				DEBUG_INFORMATION_FORMAT = dwarf;
				DEVELOPMENT_TEAM = NS4T6US98M;
				GCC_C_LANGUAGE_STANDARD = gnu11;
				MARKETING_VERSION = 1.0;
				MTL_ENABLE_DEBUG_INFO = INCLUDE_SOURCE;
				MTL_FAST_MATH = YES;
				PRODUCT_BUNDLE_IDENTIFIER = "com.domar.TipTok-watchOS";
				PRODUCT_NAME = TipTok_watchOS;
				SWIFT_ACTIVE_COMPILATION_CONDITIONS = DEBUG;
				SWIFT_VERSION = 5.0;
			};
			name = Debug;
		};
		04EF6DBA248D3453009CEF03 /* Release */ = {
			isa = XCBuildConfiguration;
			buildSettings = {
				CLANG_ANALYZER_NONNULL = YES;
				CLANG_ANALYZER_NUMBER_OBJECT_CONVERSION = YES_AGGRESSIVE;
				CLANG_CXX_LANGUAGE_STANDARD = "gnu++14";
				CLANG_ENABLE_OBJC_WEAK = YES;
				CLANG_WARN_DOCUMENTATION_COMMENTS = YES;
				CLANG_WARN_UNGUARDED_AVAILABILITY = YES_AGGRESSIVE;
				CODE_SIGN_STYLE = Automatic;
				CURRENT_PROJECT_VERSION = 1;
				DEBUG_INFORMATION_FORMAT = "dwarf-with-dsym";
				DEVELOPMENT_TEAM = NS4T6US98M;
				GCC_C_LANGUAGE_STANDARD = gnu11;
				MARKETING_VERSION = 1.0;
				MTL_FAST_MATH = YES;
				PRODUCT_BUNDLE_IDENTIFIER = "com.domar.TipTok-watchOS";
				PRODUCT_NAME = TipTok_watchOS;
				SWIFT_VERSION = 5.0;
			};
			name = Release;
		};
		E3AB122E1E2DC1DF0021C889 /* Debug */ = {
			isa = XCBuildConfiguration;
			buildSettings = {
				CLANG_ANALYZER_NONNULL = YES;
				CLANG_WARN_DOCUMENTATION_COMMENTS = YES;
				CODE_SIGN_ENTITLEMENTS = TipTokWidget/TipTokWidget.entitlements;
				CODE_SIGN_IDENTITY = "iPhone Developer";
				"CODE_SIGN_IDENTITY[sdk=iphoneos*]" = "iPhone Developer";
				CURRENT_PROJECT_VERSION = 1;
				DEBUG_INFORMATION_FORMAT = dwarf;
				DEVELOPMENT_TEAM = NS4T6US98M;
				INFOPLIST_FILE = "$(SRCROOT)/TipTokWidget/Info.plist";
				IPHONEOS_DEPLOYMENT_TARGET = 13.0;
				LD_RUNPATH_SEARCH_PATHS = "$(inherited) @executable_path/Frameworks @executable_path/../../Frameworks";
				MARKETING_VERSION = 3.0;
				PRODUCT_BUNDLE_IDENTIFIER = com.DoMarsToyBox.TipTok.TipTokWidget;
				PRODUCT_NAME = "Tip Tok";
				SKIP_INSTALL = YES;
				SWIFT_ACTIVE_COMPILATION_CONDITIONS = DEBUG;
				SWIFT_VERSION = 5.0;
				TARGETED_DEVICE_FAMILY = "1,2";
			};
			name = Debug;
		};
		E3AB122F1E2DC1DF0021C889 /* Release */ = {
			isa = XCBuildConfiguration;
			buildSettings = {
				CLANG_ANALYZER_NONNULL = YES;
				CLANG_WARN_DOCUMENTATION_COMMENTS = YES;
				CODE_SIGN_ENTITLEMENTS = TipTokWidget/TipTokWidget.entitlements;
				CODE_SIGN_IDENTITY = "iPhone Developer";
				"CODE_SIGN_IDENTITY[sdk=iphoneos*]" = "iPhone Developer";
				CURRENT_PROJECT_VERSION = 1;
				DEBUG_INFORMATION_FORMAT = "dwarf-with-dsym";
				DEVELOPMENT_TEAM = NS4T6US98M;
				INFOPLIST_FILE = "$(SRCROOT)/TipTokWidget/Info.plist";
				IPHONEOS_DEPLOYMENT_TARGET = 13.0;
				LD_RUNPATH_SEARCH_PATHS = "$(inherited) @executable_path/Frameworks @executable_path/../../Frameworks";
				MARKETING_VERSION = 3.0;
				PRODUCT_BUNDLE_IDENTIFIER = com.DoMarsToyBox.TipTok.TipTokWidget;
				PRODUCT_NAME = "Tip Tok";
				SKIP_INSTALL = YES;
				SWIFT_VERSION = 5.0;
				TARGETED_DEVICE_FAMILY = "1,2";
			};
			name = Release;
		};
		E3B4B2D11ABB2CF7002A6C16 /* Debug */ = {
			isa = XCBuildConfiguration;
			buildSettings = {
				ALWAYS_SEARCH_USER_PATHS = NO;
				CLANG_ANALYZER_LOCALIZABILITY_NONLOCALIZED = YES;
				CLANG_CXX_LANGUAGE_STANDARD = "gnu++0x";
				CLANG_CXX_LIBRARY = "libc++";
				CLANG_ENABLE_MODULES = YES;
				CLANG_ENABLE_OBJC_ARC = YES;
				CLANG_WARN_BLOCK_CAPTURE_AUTORELEASING = YES;
				CLANG_WARN_BOOL_CONVERSION = YES;
				CLANG_WARN_COMMA = YES;
				CLANG_WARN_CONSTANT_CONVERSION = YES;
				CLANG_WARN_DEPRECATED_OBJC_IMPLEMENTATIONS = YES;
				CLANG_WARN_DIRECT_OBJC_ISA_USAGE = YES_ERROR;
				CLANG_WARN_EMPTY_BODY = YES;
				CLANG_WARN_ENUM_CONVERSION = YES;
				CLANG_WARN_INFINITE_RECURSION = YES;
				CLANG_WARN_INT_CONVERSION = YES;
				CLANG_WARN_NON_LITERAL_NULL_CONVERSION = YES;
				CLANG_WARN_OBJC_IMPLICIT_RETAIN_SELF = YES;
				CLANG_WARN_OBJC_LITERAL_CONVERSION = YES;
				CLANG_WARN_OBJC_ROOT_CLASS = YES_ERROR;
				CLANG_WARN_RANGE_LOOP_ANALYSIS = YES;
				CLANG_WARN_STRICT_PROTOTYPES = YES;
				CLANG_WARN_SUSPICIOUS_MOVE = YES;
				CLANG_WARN_UNREACHABLE_CODE = YES;
				CLANG_WARN__DUPLICATE_METHOD_MATCH = YES;
				"CODE_SIGN_IDENTITY[sdk=iphoneos*]" = "iPhone Developer";
				COPY_PHASE_STRIP = NO;
				ENABLE_STRICT_OBJC_MSGSEND = YES;
				ENABLE_TESTABILITY = YES;
				GCC_C_LANGUAGE_STANDARD = gnu99;
				GCC_DYNAMIC_NO_PIC = NO;
				GCC_NO_COMMON_BLOCKS = YES;
				GCC_OPTIMIZATION_LEVEL = 0;
				GCC_PREPROCESSOR_DEFINITIONS = (
					"DEBUG=1",
					"$(inherited)",
				);
				GCC_SYMBOLS_PRIVATE_EXTERN = NO;
				GCC_WARN_64_TO_32_BIT_CONVERSION = YES;
				GCC_WARN_ABOUT_RETURN_TYPE = YES_ERROR;
				GCC_WARN_UNDECLARED_SELECTOR = YES;
				GCC_WARN_UNINITIALIZED_AUTOS = YES_AGGRESSIVE;
				GCC_WARN_UNUSED_FUNCTION = YES;
				GCC_WARN_UNUSED_VARIABLE = YES;
				IPHONEOS_DEPLOYMENT_TARGET = 13.0;
				MTL_ENABLE_DEBUG_INFO = YES;
				ONLY_ACTIVE_ARCH = YES;
				SDKROOT = iphoneos;
				SWIFT_OPTIMIZATION_LEVEL = "-Onone";
			};
			name = Debug;
		};
		E3B4B2D21ABB2CF7002A6C16 /* Release */ = {
			isa = XCBuildConfiguration;
			buildSettings = {
				ALWAYS_SEARCH_USER_PATHS = NO;
				CLANG_ANALYZER_LOCALIZABILITY_NONLOCALIZED = YES;
				CLANG_CXX_LANGUAGE_STANDARD = "gnu++0x";
				CLANG_CXX_LIBRARY = "libc++";
				CLANG_ENABLE_MODULES = YES;
				CLANG_ENABLE_OBJC_ARC = YES;
				CLANG_WARN_BLOCK_CAPTURE_AUTORELEASING = YES;
				CLANG_WARN_BOOL_CONVERSION = YES;
				CLANG_WARN_COMMA = YES;
				CLANG_WARN_CONSTANT_CONVERSION = YES;
				CLANG_WARN_DEPRECATED_OBJC_IMPLEMENTATIONS = YES;
				CLANG_WARN_DIRECT_OBJC_ISA_USAGE = YES_ERROR;
				CLANG_WARN_EMPTY_BODY = YES;
				CLANG_WARN_ENUM_CONVERSION = YES;
				CLANG_WARN_INFINITE_RECURSION = YES;
				CLANG_WARN_INT_CONVERSION = YES;
				CLANG_WARN_NON_LITERAL_NULL_CONVERSION = YES;
				CLANG_WARN_OBJC_IMPLICIT_RETAIN_SELF = YES;
				CLANG_WARN_OBJC_LITERAL_CONVERSION = YES;
				CLANG_WARN_OBJC_ROOT_CLASS = YES_ERROR;
				CLANG_WARN_RANGE_LOOP_ANALYSIS = YES;
				CLANG_WARN_STRICT_PROTOTYPES = YES;
				CLANG_WARN_SUSPICIOUS_MOVE = YES;
				CLANG_WARN_UNREACHABLE_CODE = YES;
				CLANG_WARN__DUPLICATE_METHOD_MATCH = YES;
				"CODE_SIGN_IDENTITY[sdk=iphoneos*]" = "iPhone Developer";
				COPY_PHASE_STRIP = NO;
				ENABLE_NS_ASSERTIONS = NO;
				ENABLE_STRICT_OBJC_MSGSEND = YES;
				GCC_C_LANGUAGE_STANDARD = gnu99;
				GCC_NO_COMMON_BLOCKS = YES;
				GCC_WARN_64_TO_32_BIT_CONVERSION = YES;
				GCC_WARN_ABOUT_RETURN_TYPE = YES_ERROR;
				GCC_WARN_UNDECLARED_SELECTOR = YES;
				GCC_WARN_UNINITIALIZED_AUTOS = YES_AGGRESSIVE;
				GCC_WARN_UNUSED_FUNCTION = YES;
				GCC_WARN_UNUSED_VARIABLE = YES;
				IPHONEOS_DEPLOYMENT_TARGET = 13.0;
				MTL_ENABLE_DEBUG_INFO = NO;
				SDKROOT = iphoneos;
				SWIFT_OPTIMIZATION_LEVEL = "-Owholemodule";
				VALIDATE_PRODUCT = YES;
			};
			name = Release;
		};
		E3B4B2D41ABB2CF7002A6C16 /* Debug */ = {
			isa = XCBuildConfiguration;
			baseConfigurationReference = 4E8CF7860A33A7BD82849B21 /* Pods-TipTok.debug.xcconfig */;
			buildSettings = {
				ALWAYS_EMBED_SWIFT_STANDARD_LIBRARIES = YES;
				ASSETCATALOG_COMPILER_APPICON_NAME = AppIcon;
				CLANG_ENABLE_MODULES = YES;
				CODE_SIGN_ENTITLEMENTS = TipTok/TipTok.entitlements;
				CODE_SIGN_IDENTITY = "iPhone Developer";
				"CODE_SIGN_IDENTITY[sdk=iphoneos*]" = "iPhone Developer";
				DEVELOPMENT_TEAM = NS4T6US98M;
				INFOPLIST_FILE = TipTok/Info.plist;
				LD_RUNPATH_SEARCH_PATHS = "$(inherited) @executable_path/Frameworks";
				PRODUCT_BUNDLE_IDENTIFIER = "com.DoMarsToyBox.$(PRODUCT_NAME:rfc1034identifier)";
				PRODUCT_NAME = TipTok;
				PROVISIONING_PROFILE = "";
				SWIFT_OBJC_BRIDGING_HEADER = "Merces-Bridging-Header.h";
				SWIFT_OPTIMIZATION_LEVEL = "-Onone";
				SWIFT_VERSION = 5.0;
				TARGETED_DEVICE_FAMILY = "1,2";
			};
			name = Debug;
		};
		E3B4B2D51ABB2CF7002A6C16 /* Release */ = {
			isa = XCBuildConfiguration;
			baseConfigurationReference = 8AA8BB7DE8AB79787BD6DA7C /* Pods-TipTok.release.xcconfig */;
			buildSettings = {
				ALWAYS_EMBED_SWIFT_STANDARD_LIBRARIES = YES;
				ASSETCATALOG_COMPILER_APPICON_NAME = AppIcon;
				CLANG_ENABLE_MODULES = YES;
				CODE_SIGN_ENTITLEMENTS = TipTok/TipTok.entitlements;
				CODE_SIGN_IDENTITY = "iPhone Developer";
				"CODE_SIGN_IDENTITY[sdk=iphoneos*]" = "iPhone Developer";
				DEVELOPMENT_TEAM = NS4T6US98M;
				INFOPLIST_FILE = TipTok/Info.plist;
				LD_RUNPATH_SEARCH_PATHS = "$(inherited) @executable_path/Frameworks";
				PRODUCT_BUNDLE_IDENTIFIER = "com.DoMarsToyBox.$(PRODUCT_NAME:rfc1034identifier)";
				PRODUCT_NAME = TipTok;
				PROVISIONING_PROFILE = "";
				SWIFT_OBJC_BRIDGING_HEADER = "Merces-Bridging-Header.h";
				SWIFT_VERSION = 5.0;
				TARGETED_DEVICE_FAMILY = "1,2";
			};
			name = Release;
		};
		E3B4B2D71ABB2CF7002A6C16 /* Debug */ = {
			isa = XCBuildConfiguration;
			baseConfigurationReference = 83362493474904AC17F435DF /* Pods-TipTokTests.debug.xcconfig */;
			buildSettings = {
				BUNDLE_LOADER = "$(TEST_HOST)";
				FRAMEWORK_SEARCH_PATHS = (
					"$(SDKROOT)/Developer/Library/Frameworks",
					"$(inherited)",
				);
				GCC_PREPROCESSOR_DEFINITIONS = (
					"DEBUG=1",
					"$(inherited)",
				);
				INFOPLIST_FILE = TipTokTests/Info.plist;
				LD_RUNPATH_SEARCH_PATHS = "$(inherited) @executable_path/Frameworks @loader_path/Frameworks";
				PRODUCT_BUNDLE_IDENTIFIER = "com.DoMar.$(PRODUCT_NAME:rfc1034identifier)";
				PRODUCT_NAME = "$(TARGET_NAME)";
				SWIFT_VERSION = 5.0;
				TEST_HOST = "$(BUILT_PRODUCTS_DIR)/TipTok.app/TipTok";
			};
			name = Debug;
		};
		E3B4B2D81ABB2CF7002A6C16 /* Release */ = {
			isa = XCBuildConfiguration;
			baseConfigurationReference = 9BA680A95FEF9F77503471DA /* Pods-TipTokTests.release.xcconfig */;
			buildSettings = {
				BUNDLE_LOADER = "$(TEST_HOST)";
				FRAMEWORK_SEARCH_PATHS = (
					"$(SDKROOT)/Developer/Library/Frameworks",
					"$(inherited)",
				);
				INFOPLIST_FILE = TipTokTests/Info.plist;
				LD_RUNPATH_SEARCH_PATHS = "$(inherited) @executable_path/Frameworks @loader_path/Frameworks";
				PRODUCT_BUNDLE_IDENTIFIER = "com.DoMar.$(PRODUCT_NAME:rfc1034identifier)";
				PRODUCT_NAME = "$(TARGET_NAME)";
				SWIFT_VERSION = 5.0;
				TEST_HOST = "$(BUILT_PRODUCTS_DIR)/TipTok.app/TipTok";
			};
			name = Release;
		};
/* End XCBuildConfiguration section */

/* Begin XCConfigurationList section */
		04EF6DB0248D3453009CEF03 /* Build configuration list for PBXNativeTarget "TipTok_watchOS WatchKit Extension" */ = {
			isa = XCConfigurationList;
			buildConfigurations = (
				04EF6DB1248D3453009CEF03 /* Debug */,
				04EF6DB2248D3453009CEF03 /* Release */,
			);
			defaultConfigurationIsVisible = 0;
			defaultConfigurationName = Release;
		};
		04EF6DB4248D3453009CEF03 /* Build configuration list for PBXNativeTarget "TipTok_watchOS WatchKit App" */ = {
			isa = XCConfigurationList;
			buildConfigurations = (
				04EF6DB5248D3453009CEF03 /* Debug */,
				04EF6DB6248D3453009CEF03 /* Release */,
			);
			defaultConfigurationIsVisible = 0;
			defaultConfigurationName = Release;
		};
		04EF6DB8248D3453009CEF03 /* Build configuration list for PBXNativeTarget "TipTok_watchOS" */ = {
			isa = XCConfigurationList;
			buildConfigurations = (
				04EF6DB9248D3453009CEF03 /* Debug */,
				04EF6DBA248D3453009CEF03 /* Release */,
			);
			defaultConfigurationIsVisible = 0;
			defaultConfigurationName = Release;
		};
		E3AB122D1E2DC1DF0021C889 /* Build configuration list for PBXNativeTarget "TipTokWidget" */ = {
			isa = XCConfigurationList;
			buildConfigurations = (
				E3AB122E1E2DC1DF0021C889 /* Debug */,
				E3AB122F1E2DC1DF0021C889 /* Release */,
			);
			defaultConfigurationIsVisible = 0;
			defaultConfigurationName = Release;
		};
		E3B4B2AF1ABB2CF7002A6C16 /* Build configuration list for PBXProject "TipTok" */ = {
			isa = XCConfigurationList;
			buildConfigurations = (
				E3B4B2D11ABB2CF7002A6C16 /* Debug */,
				E3B4B2D21ABB2CF7002A6C16 /* Release */,
			);
			defaultConfigurationIsVisible = 0;
			defaultConfigurationName = Release;
		};
		E3B4B2D31ABB2CF7002A6C16 /* Build configuration list for PBXNativeTarget "TipTok" */ = {
			isa = XCConfigurationList;
			buildConfigurations = (
				E3B4B2D41ABB2CF7002A6C16 /* Debug */,
				E3B4B2D51ABB2CF7002A6C16 /* Release */,
			);
			defaultConfigurationIsVisible = 0;
			defaultConfigurationName = Release;
		};
		E3B4B2D61ABB2CF7002A6C16 /* Build configuration list for PBXNativeTarget "TipTokTests" */ = {
			isa = XCConfigurationList;
			buildConfigurations = (
				E3B4B2D71ABB2CF7002A6C16 /* Debug */,
				E3B4B2D81ABB2CF7002A6C16 /* Release */,
			);
			defaultConfigurationIsVisible = 0;
			defaultConfigurationName = Release;
		};
/* End XCConfigurationList section */
	};
	rootObject = E3B4B2AC1ABB2CF7002A6C16 /* Project object */;
}
